
Microsoft Visual Studio Solution File, Format Version 12.00
# Visual Studio 15
Project("{FAE04EC0-301F-11D3-BF4B-00C04F79EFBC}") = "Unity.Timeline", "Unity.Timeline.csproj", "{450A249A-B2E8-D180-65B3-1FBB0538CDF1}"
EndProject
Project("{FAE04EC0-301F-11D3-BF4B-00C04F79EFBC}") = "Unity.XR.Management", "Unity.XR.Management.csproj", "{9742E114-D289-272E-7ECE-C348280884C1}"
EndProject
Project("{FAE04EC0-301F-11D3-BF4B-00C04F79EFBC}") = "Unity.VisualScripting.Flow", "Unity.VisualScripting.Flow.csproj", "{E9EE6F61-84E0-2687-9806-21786388B81B}"
EndProject
Project("{FAE04EC0-301F-11D3-BF4B-00C04F79EFBC}") = "Microsoft.MixedReality.Toolkit", "Microsoft.MixedReality.Toolkit.csproj", "{D83377FB-444B-157E-9197-A8B78293D890}"
EndProject
Project("{FAE04EC0-301F-11D3-BF4B-00C04F79EFBC}") = "Microsoft.MixedReality.Toolkit.SDK", "Microsoft.MixedReality.Toolkit.SDK.csproj", "{1519B8F1-A74B-2169-2C5D-ACD31742754A}"
EndProject
Project("{FAE04EC0-301F-11D3-BF4B-00C04F79EFBC}") = "UnityEditor.UI", "UnityEditor.UI.csproj", "{BC270744-A47F-9117-283F-ED2545322183}"
EndProject
Project("{FAE04EC0-301F-11D3-BF4B-00C04F79EFBC}") = "Unity.XR.CoreUtils.Editor", "Unity.XR.CoreUtils.Editor.csproj", "{38870259-A3DC-BB1D-EA8E-96DD2E3D62D0}"
EndProject
Project("{FAE04EC0-301F-11D3-BF4B-00C04F79EFBC}") = "Unity.PlasticSCM.Editor", "Unity.PlasticSCM.Editor.csproj", "{DC62B96E-21B9-C380-5481-ED7DF17ED4DB}"
EndProject
Project("{FAE04EC0-301F-11D3-BF4B-00C04F79EFBC}") = "Unity.Timeline.Editor", "Unity.Timeline.Editor.csproj", "{992DA824-DB88-CE62-0742-FECC73191780}"
EndProject
Project("{FAE04EC0-301F-11D3-BF4B-00C04F79EFBC}") = "Unity.Mathematics", "Unity.Mathematics.csproj", "{58E6820D-8B54-5F7B-0B49-5C79330B5353}"
EndProject
Project("{FAE04EC0-301F-11D3-BF4B-00C04F79EFBC}") = "Microsoft.MixedReality.Toolkit.Editor.BuildAndDeploy", "Microsoft.MixedReality.Toolkit.Editor.BuildAndDeploy.csproj", "{4D2F3254-1CC2-32B4-C99A-87B5AD095D03}"
EndProject
Project("{FAE04EC0-301F-11D3-BF4B-00C04F79EFBC}") = "Microsoft.MixedReality.Toolkit.SDK.Experimental.Interactive", "Microsoft.MixedReality.Toolkit.SDK.Experimental.Interactive.csproj", "{6565BDE9-0296-32AC-6AD2-C8C62C669977}"
EndProject
Project("{FAE04EC0-301F-11D3-BF4B-00C04F79EFBC}") = "Unity.VisualScripting.Core.Editor", "Unity.VisualScripting.Core.Editor.csproj", "{21A3735D-B728-1E0D-6771-A96315116F6A}"
EndProject
Project("{FAE04EC0-301F-11D3-BF4B-00C04F79EFBC}") = "UnityEditor.TestRunner", "UnityEditor.TestRunner.csproj", "{82402F12-7874-7EEF-FA7A-56B0979CC988}"
EndProject
Project("{FAE04EC0-301F-11D3-BF4B-00C04F79EFBC}") = "Microsoft.MixedReality.Toolkit.Providers.XRSDK.Oculus", "Microsoft.MixedReality.Toolkit.Providers.XRSDK.Oculus.csproj", "{65AD45F2-FD19-ED64-F368-7593A7670C0A}"
EndProject
Project("{FAE04EC0-301F-11D3-BF4B-00C04F79EFBC}") = "Unity.XR.CoreUtils", "Unity.XR.CoreUtils.csproj", "{FE309796-28EA-3D00-CC59-51141914252B}"
EndProject
Project("{FAE04EC0-301F-11D3-BF4B-00C04F79EFBC}") = "Unity.InputSystem", "Unity.InputSystem.csproj", "{47E461A3-53D9-AD0F-4F65-66E76FC945BF}"
EndProject
Project("{FAE04EC0-301F-11D3-BF4B-00C04F79EFBC}") = "Unity.XR.ARFoundation", "Unity.XR.ARFoundation.csproj", "{005A7B1D-911A-0FD8-6CCB-5A0775E8CB65}"
EndProject
Project("{FAE04EC0-301F-11D3-BF4B-00C04F79EFBC}") = "Unity.TextMeshPro.Editor", "Unity.TextMeshPro.Editor.csproj", "{FF0A5427-C98C-01A0-BC65-7F47935EB129}"
EndProject
Project("{FAE04EC0-301F-11D3-BF4B-00C04F79EFBC}") = "Unity.XR.OpenXR", "Unity.XR.OpenXR.csproj", "{2CD16AF0-A127-0B10-E3FE-AA0CBBC5A9D0}"
EndProject
Project("{FAE04EC0-301F-11D3-BF4B-00C04F79EFBC}") = "Unity.VisualScripting.Flow.Editor", "Unity.VisualScripting.Flow.Editor.csproj", "{57B7F85B-DACD-ECF4-3983-E2867A65AF0C}"
EndProject
Project("{FAE04EC0-301F-11D3-BF4B-00C04F79EFBC}") = "UnityEngine.TestRunner", "UnityEngine.TestRunner.csproj", "{72F272EE-3857-4CB0-BEBD-2BB82CE3C88C}"
EndProject
Project("{FAE04EC0-301F-11D3-BF4B-00C04F79EFBC}") = "Unity.VisualScripting.Core", "Unity.VisualScripting.Core.csproj", "{7DFAFC49-0539-EDDC-3D6C-B93749A6CEE9}"
EndProject
Project("{FAE04EC0-301F-11D3-BF4B-00C04F79EFBC}") = "Microsoft.MixedReality.Toolkit.Providers.OpenXR", "Microsoft.MixedReality.Toolkit.Providers.OpenXR.csproj", "{E97D55F9-CCD9-6005-A496-F8D9432044AE}"
EndProject
Project("{FAE04EC0-301F-11D3-BF4B-00C04F79EFBC}") = "Microsoft.MixedReality.Toolkit.Editor.ServiceInspectors", "Microsoft.MixedReality.Toolkit.Editor.ServiceInspectors.csproj", "{C73F9085-7598-642B-EEB0-9E6A0D29C8F4}"
EndProject
Project("{FAE04EC0-301F-11D3-BF4B-00C04F79EFBC}") = "Unity.XR.ARSubsystems", "Unity.XR.ARSubsystems.csproj", "{A29923D0-71E8-84C9-A617-9B02A6993B86}"
EndProject
Project("{FAE04EC0-301F-11D3-BF4B-00C04F79EFBC}") = "Unity.VisualStudio.Editor", "Unity.VisualStudio.Editor.csproj", "{8575CA7E-8935-57EF-2C4A-795A30892AAA}"
EndProject
Project("{FAE04EC0-301F-11D3-BF4B-00C04F79EFBC}") = "Unity.XR.Simulation", "Unity.XR.Simulation.csproj", "{E234E55E-157A-F208-72FA-C52888B6178B}"
EndProject
Project("{FAE04EC0-301F-11D3-BF4B-00C04F79EFBC}") = "Microsoft.MixedReality.OpenXR", "Microsoft.MixedReality.OpenXR.csproj", "{1B656F90-E551-ACD6-2413-1DBE0B38B6FA}"
EndProject
Project("{FAE04EC0-301F-11D3-BF4B-00C04F79EFBC}") = "Unity.TestTools.CodeCoverage.Editor.OpenCover.Model", "Unity.TestTools.CodeCoverage.Editor.OpenCover.Model.csproj", "{35AD1EBB-E80D-2F1B-62D0-BA2A636E3290}"
EndProject
Project("{FAE04EC0-301F-11D3-BF4B-00C04F79EFBC}") = "Unity.XR.Simulation.Editor", "Unity.XR.Simulation.Editor.csproj", "{E1B85391-557B-96FE-0912-E30DDF279166}"
EndProject
Project("{FAE04EC0-301F-11D3-BF4B-00C04F79EFBC}") = "Unity.Rider.Editor", "Unity.Rider.Editor.csproj", "{37742302-631C-6A7D-72AA-0C280DDD5AF7}"
EndProject
Project("{FAE04EC0-301F-11D3-BF4B-00C04F79EFBC}") = "Microsoft.MixedReality.Toolkit.Providers.UnityAR.Editor", "Microsoft.MixedReality.Toolkit.Providers.UnityAR.Editor.csproj", "{CCF188CF-7BD1-CF79-2FF3-EC7A2D1A2883}"
EndProject
Project("{FAE04EC0-301F-11D3-BF4B-00C04F79EFBC}") = "Microsoft.MixedReality.OpenXR.Editor", "Microsoft.MixedReality.OpenXR.Editor.csproj", "{68384CE7-4169-AA47-BFC6-4551B556E9A7}"
EndProject
Project("{FAE04EC0-301F-11D3-BF4B-00C04F79EFBC}") = "Microsoft.MixedReality.Toolkit.SDK.Editor", "Microsoft.MixedReality.Toolkit.SDK.Editor.csproj", "{51CF7146-DA82-BB43-0883-586D98122BC1}"
EndProject
Project("{FAE04EC0-301F-11D3-BF4B-00C04F79EFBC}") = "Unity.XR.OpenXR.Editor", "Unity.XR.OpenXR.Editor.csproj", "{5B866335-F29F-A3E5-AE81-3E4B5DCAB91E}"
EndProject
Project("{FAE04EC0-301F-11D3-BF4B-00C04F79EFBC}") = "Microsoft.MixedReality.Toolkit.Providers.LeapMotion.Editor", "Microsoft.MixedReality.Toolkit.Providers.LeapMotion.Editor.csproj", "{EE77CF75-5F60-6A5C-3F81-1FEADAC771AF}"
EndProject
Project("{FAE04EC0-301F-11D3-BF4B-00C04F79EFBC}") = "Unity.VisualScripting.State.Editor", "Unity.VisualScripting.State.Editor.csproj", "{82E5710C-70F3-431D-966D-287C7F8FF484}"
EndProject
Project("{FAE04EC0-301F-11D3-BF4B-00C04F79EFBC}") = "Microsoft.MixedReality.Toolkit.Gltf", "Microsoft.MixedReality.Toolkit.Gltf.csproj", "{D36F5188-F6CF-E49A-4EB4-A99318B595E2}"
EndProject
Project("{FAE04EC0-301F-11D3-BF4B-00C04F79EFBC}") = "UnityEngine.UI", "UnityEngine.UI.csproj", "{1B139F24-2EA6-DA00-8234-C334ED0A788C}"
EndProject
Project("{FAE04EC0-301F-11D3-BF4B-00C04F79EFBC}") = "Unity.TestTools.CodeCoverage.Editor", "Unity.TestTools.CodeCoverage.Editor.csproj", "{C50AB616-9C2A-FAFA-94FA-1335ED50C21D}"
EndProject
Project("{FAE04EC0-301F-11D3-BF4B-00C04F79EFBC}") = "Unity.VisualScripting.State", "Unity.VisualScripting.State.csproj", "{983F4349-1C1B-B218-ED32-78FCCC161C4F}"
EndProject
Project("{FAE04EC0-301F-11D3-BF4B-00C04F79EFBC}") = "Unity.TextMeshPro", "Unity.TextMeshPro.csproj", "{4A6AAC7C-4C24-CE96-D96A-1D27D55FA995}"
EndProject
Project("{FAE04EC0-301F-11D3-BF4B-00C04F79EFBC}") = "Microsoft.MixedReality.Toolkit.Services.InputSystem.Editor", "Microsoft.MixedReality.Toolkit.Services.InputSystem.Editor.csproj", "{385A7C9E-B92A-D6FE-0348-2E8695ED0195}"
EndProject
Project("{FAE04EC0-301F-11D3-BF4B-00C04F79EFBC}") = "Unity.XR.Management.Editor", "Unity.XR.Management.Editor.csproj", "{643A03AB-CA24-F182-D609-56881E83EEE7}"
EndProject
Project("{FAE04EC0-301F-11D3-BF4B-00C04F79EFBC}") = "Unity.Performance.Profile-Analyzer.Editor", "Unity.Performance.Profile-Analyzer.Editor.csproj", "{E0C0CA9B-C607-6120-1472-AEB19CEFFE6F}"
EndProject
Project("{FAE04EC0-301F-11D3-BF4B-00C04F79EFBC}") = "Assembly-CSharp", "Assembly-CSharp.csproj", "{B8C7925C-5E09-4294-D03B-DB1228420C57}"
EndProject
Project("{FAE04EC0-301F-11D3-BF4B-00C04F79EFBC}") = "Microsoft.MixedReality.Toolkit.SDK.Experimental.Editor.Interactive", "Microsoft.MixedReality.Toolkit.SDK.Experimental.Editor.Interactive.csproj", "{B341B9F8-3FF0-0CE7-5538-9392CE71AF0B}"
EndProject
Project("{FAE04EC0-301F-11D3-BF4B-00C04F79EFBC}") = "Microsoft.MixedReality.Toolkit.Providers.XRSDK.WindowsMixedReality", "Microsoft.MixedReality.Toolkit.Providers.XRSDK.WindowsMixedReality.csproj", "{EAB9240B-00F8-7CEC-B538-4ED852C03149}"
EndProject
Project("{FAE04EC0-301F-11D3-BF4B-00C04F79EFBC}") = "Microsoft.MixedReality.Toolkit.Editor.Inspectors", "Microsoft.MixedReality.Toolkit.Editor.Inspectors.csproj", "{C586F91F-DB23-0F62-6264-F7DC72FAAF97}"
EndProject
Project("{FAE04EC0-301F-11D3-BF4B-00C04F79EFBC}") = "Microsoft.MixedReality.Toolkit.Services.InputSystem", "Microsoft.MixedReality.Toolkit.Services.InputSystem.csproj", "{BDD8307C-B0BA-E9A3-3AC4-825C947DF7D1}"
EndProject
Project("{FAE04EC0-301F-11D3-BF4B-00C04F79EFBC}") = "Microsoft.MixedReality.Toolkit.Providers.WindowsVoiceInput", "Microsoft.MixedReality.Toolkit.Providers.WindowsVoiceInput.csproj", "{324D6D70-6707-6358-265D-9DEB81FDFBCB}"
EndProject
Project("{FAE04EC0-301F-11D3-BF4B-00C04F79EFBC}") = "Unity.VisualScripting.SettingsProvider.Editor", "Unity.VisualScripting.SettingsProvider.Editor.csproj", "{A29E5119-5C6F-AADB-6B4F-F0E47288ADEB}"
EndProject
Project("{FAE04EC0-301F-11D3-BF4B-00C04F79EFBC}") = "Unity.VSCode.Editor", "Unity.VSCode.Editor.csproj", "{C2FCBB24-6D74-09B5-DD59-846A6A1160C0}"
EndProject
Project("{FAE04EC0-301F-11D3-BF4B-00C04F79EFBC}") = "Unity.TestTools.CodeCoverage.Editor.OpenCover.Mono.Reflection", "Unity.TestTools.CodeCoverage.Editor.OpenCover.Mono.Reflection.csproj", "{2C7625E2-7E06-5C15-84CB-72786E08E580}"
EndProject
Project("{FAE04EC0-301F-11D3-BF4B-00C04F79EFBC}") = "Microsoft.MixedReality.Toolkit.Services.InputSimulation", "Microsoft.MixedReality.Toolkit.Services.InputSimulation.csproj", "{33F7DA86-534A-31F9-05DF-13786A3787F7}"
EndProject
Project("{FAE04EC0-301F-11D3-BF4B-00C04F79EFBC}") = "Microsoft.MixedReality.Toolkit.Services.InputSimulation.Editor", "Microsoft.MixedReality.Toolkit.Services.InputSimulation.Editor.csproj", "{D07B76B1-6854-BD0A-D704-AE49F0AA56ED}"
EndProject
Project("{FAE04EC0-301F-11D3-BF4B-00C04F79EFBC}") = "Unity.XR.ARSubsystems.Editor", "Unity.XR.ARSubsystems.Editor.csproj", "{44A0D0C0-64E0-D264-47B7-3FBC73AE7746}"
EndProject
Project("{FAE04EC0-301F-11D3-BF4B-00C04F79EFBC}") = "Unity.Settings.Editor", "Unity.Settings.Editor.csproj", "{9880F39B-E909-F2C5-816E-0231DA902EDF}"
EndProject
Project("{FAE04EC0-301F-11D3-BF4B-00C04F79EFBC}") = "Unity.XR.ARAnalytics.Editor", "Unity.XR.ARAnalytics.Editor.csproj", "{6DC82457-F1F2-B89D-CC26-7993DF8C0BA4}"
EndProject
Project("{FAE04EC0-301F-11D3-BF4B-00C04F79EFBC}") = "Microsoft.MixedReality.Toolkit.Services.DiagnosticsSystem", "Microsoft.MixedReality.Toolkit.Services.DiagnosticsSystem.csproj", "{D84E61EC-3B48-E04E-FBEA-ACCFF9C88D9B}"
EndProject
Project("{FAE04EC0-301F-11D3-BF4B-00C04F79EFBC}") = "Microsoft.MixedReality.Toolkit.StandardAssets.Editor", "Microsoft.MixedReality.Toolkit.StandardAssets.Editor.csproj", "{A34C695C-78EE-2A96-DD9C-77340FD00E18}"
EndProject
Project("{FAE04EC0-301F-11D3-BF4B-00C04F79EFBC}") = "UnityEngine.SpatialTracking", "UnityEngine.SpatialTracking.csproj", "{6CE1DA96-5540-91B1-A900-1B9071C2A7A1}"
EndProject
Project("{FAE04EC0-301F-11D3-BF4B-00C04F79EFBC}") = "Microsoft.MixedReality.Toolkit.Services.SceneSystem", "Microsoft.MixedReality.Toolkit.Services.SceneSystem.csproj", "{1C501E1D-C348-126C-BEC3-F32F0E9E1EE9}"
EndProject
Project("{FAE04EC0-301F-11D3-BF4B-00C04F79EFBC}") = "Microsoft.MixedReality.Toolkit.Async", "Microsoft.MixedReality.Toolkit.Async.csproj", "{0FC3CF83-3BFB-26A1-DD08-D3AC2F492D4B}"
EndProject
Project("{FAE04EC0-301F-11D3-BF4B-00C04F79EFBC}") = "Microsoft.MixedReality.Toolkit.Providers.XRSDK", "Microsoft.MixedReality.Toolkit.Providers.XRSDK.csproj", "{6168F292-57C2-B2F1-D372-8699A48D6C5B}"
EndProject
Project("{FAE04EC0-301F-11D3-BF4B-00C04F79EFBC}") = "Microsoft.MixedReality.Toolkit.Services.InputAnimation", "Microsoft.MixedReality.Toolkit.Services.InputAnimation.csproj", "{8FCE83EB-D480-0AC0-5272-E3F0D2AA68A5}"
EndProject
Project("{FAE04EC0-301F-11D3-BF4B-00C04F79EFBC}") = "Unity.InputSystem.ForUI", "Unity.InputSystem.ForUI.csproj", "{00022FAD-2746-D61A-EBE1-2E1185CF0ED6}"
EndProject
Project("{FAE04EC0-301F-11D3-BF4B-00C04F79EFBC}") = "Microsoft.MixedReality.Toolkit.Providers.UnityAR", "Microsoft.MixedReality.Toolkit.Providers.UnityAR.csproj", "{EFEB9BFC-F838-1B8F-5C7C-533572030782}"
EndProject
Project("{FAE04EC0-301F-11D3-BF4B-00C04F79EFBC}") = "Unity.Mathematics.Editor", "Unity.Mathematics.Editor.csproj", "{56CD85C6-103E-E890-209B-CB533664007E}"
EndProject
Project("{FAE04EC0-301F-11D3-BF4B-00C04F79EFBC}") = "Unity.XR.ARFoundation.Editor", "Unity.XR.ARFoundation.Editor.csproj", "{CF9EC0E3-E5DA-A892-96C3-64045597F3DE}"
EndProject
Project("{FAE04EC0-301F-11D3-BF4B-00C04F79EFBC}") = "Microsoft.MixedReality.Toolkit.Providers.WindowsMixedReality.Shared", "Microsoft.MixedReality.Toolkit.Providers.WindowsMixedReality.Shared.csproj", "{829F4073-700F-E01F-B569-5E9DF3C4A624}"
EndProject
Project("{FAE04EC0-301F-11D3-BF4B-00C04F79EFBC}") = "Microsoft.MixedReality.Toolkit.SDK.Experimental.Editor", "Microsoft.MixedReality.Toolkit.SDK.Experimental.Editor.csproj", "{88D5F8B1-1D54-AD76-EC69-1BE62E82B3D1}"
EndProject
Project("{FAE04EC0-301F-11D3-BF4B-00C04F79EFBC}") = "Microsoft.MixedReality.Toolkit.Services.TeleportSystem", "Microsoft.MixedReality.Toolkit.Services.TeleportSystem.csproj", "{9B1A1383-5D58-7C28-A99E-7F7825A9ACF6}"
EndProject
Project("{FAE04EC0-301F-11D3-BF4B-00C04F79EFBC}") = "UnityEditor.SpatialTracking", "UnityEditor.SpatialTracking.csproj", "{913AAA54-A4A9-3606-EE10-7A628F649F59}"
EndProject
Project("{FAE04EC0-301F-11D3-BF4B-00C04F79EFBC}") = "Microsoft.MixedReality.Toolkit.Providers.LeapMotion", "Microsoft.MixedReality.Toolkit.Providers.LeapMotion.csproj", "{DA5485D9-EE74-3D82-FDEC-7A96B8CD2014}"
EndProject
Project("{FAE04EC0-301F-11D3-BF4B-00C04F79EFBC}") = "Microsoft.MixedReality.Toolkit.Editor.Utilities", "Microsoft.MixedReality.Toolkit.Editor.Utilities.csproj", "{22163CAB-F101-005D-A347-CC76CD684C6F}"
EndProject
Project("{FAE04EC0-301F-11D3-BF4B-00C04F79EFBC}") = "Unity.XR.OpenXR.Features.MetaQuestSupport.Editor", "Unity.XR.OpenXR.Features.MetaQuestSupport.Editor.csproj", "{64048C0B-D9F4-EA7E-8138-99BC9F383794}"
EndProject
Project("{FAE04EC0-301F-11D3-BF4B-00C04F79EFBC}") = "Microsoft.MixedReality.Toolkit.Providers.ObjectMeshObserver", "Microsoft.MixedReality.Toolkit.Providers.ObjectMeshObserver.csproj", "{532672B0-3AB1-633B-70CD-94F9780B9D0F}"
EndProject
Project("{FAE04EC0-301F-11D3-BF4B-00C04F79EFBC}") = "Unity.InputSystem.TestFramework", "Unity.InputSystem.TestFramework.csproj", "{2DFAC67B-8FDF-5762-2FC8-9832F39DB0B2}"
EndProject
Project("{FAE04EC0-301F-11D3-BF4B-00C04F79EFBC}") = "Unity.XR.OpenXR.Features.RuntimeDebugger.Editor", "Unity.XR.OpenXR.Features.RuntimeDebugger.Editor.csproj", "{3FB13350-2CE0-1933-CE2E-B1DF7AC84AEE}"
EndProject
Project("{FAE04EC0-301F-11D3-BF4B-00C04F79EFBC}") = "UnityEditor.XR.LegacyInputHelpers", "UnityEditor.XR.LegacyInputHelpers.csproj", "{B80ACDBE-1911-CEA6-396F-FF80C0BDD396}"
EndProject
Project("{FAE04EC0-301F-11D3-BF4B-00C04F79EFBC}") = "Unity.VisualScripting.Shared.Editor", "Unity.VisualScripting.Shared.Editor.csproj", "{FAA8CF4D-0956-2972-D4B1-6D7B480337AB}"
EndProject
Project("{FAE04EC0-301F-11D3-BF4B-00C04F79EFBC}") = "Microsoft.MixedReality.Toolkit.Providers.WindowsSceneUnderstanding.Editor", "Microsoft.MixedReality.Toolkit.Providers.WindowsSceneUnderstanding.Editor.csproj", "{8B70128E-B464-4041-45D5-7A48FFAC90A7}"
EndProject
Project("{FAE04EC0-301F-11D3-BF4B-00C04F79EFBC}") = "Unity.XR.OpenXR.Features.OculusQuestSupport.Editor", "Unity.XR.OpenXR.Features.OculusQuestSupport.Editor.csproj", "{B0A47054-EAB3-377F-53F5-A4E41ECBE583}"
EndProject
Project("{FAE04EC0-301F-11D3-BF4B-00C04F79EFBC}") = "Unity.EditorCoroutines.Editor", "Unity.EditorCoroutines.Editor.csproj", "{57A8BDAA-89E2-6167-46EF-B8B5210EE24B}"
EndProject
Project("{FAE04EC0-301F-11D3-BF4B-00C04F79EFBC}") = "Unity.XR.OpenXR.Features.ConformanceAutomation", "Unity.XR.OpenXR.Features.ConformanceAutomation.csproj", "{F1CBC674-2B11-3F6D-549E-F3F0270333A0}"
EndProject
Project("{FAE04EC0-301F-11D3-BF4B-00C04F79EFBC}") = "Microsoft.MixedReality.Toolkit.Services.SpatialAwarenessSystem", "Microsoft.MixedReality.Toolkit.Services.SpatialAwarenessSystem.csproj", "{E3C8792C-BA26-D036-B9A4-D84B449FAAC7}"
EndProject
Project("{FAE04EC0-301F-11D3-BF4B-00C04F79EFBC}") = "Unity.XR.ARFoundation.InternalUtils", "Unity.XR.ARFoundation.InternalUtils.csproj", "{57A235A4-29F5-993C-A65F-DDCD377A9E76}"
EndProject
Project("{FAE04EC0-301F-11D3-BF4B-00C04F79EFBC}") = "UnityEngine.XR.LegacyInputHelpers", "UnityEngine.XR.LegacyInputHelpers.csproj", "{5E6DD897-BFF9-5855-EBDF-62CC1650DC5F}"
EndProject
Project("{FAE04EC0-301F-11D3-BF4B-00C04F79EFBC}") = "Microsoft.MixedReality.Toolkit.Providers.WindowsSceneUnderstanding", "Microsoft.MixedReality.Toolkit.Providers.WindowsSceneUnderstanding.csproj", "{E84EC630-17CD-A27B-9A84-75AB3EEC1919}"
EndProject
Project("{FAE04EC0-301F-11D3-BF4B-00C04F79EFBC}") = "Microsoft.MixedReality.Toolkit.Gltf.Importers", "Microsoft.MixedReality.Toolkit.Gltf.Importers.csproj", "{8DF555E4-8995-65DD-6FAE-2F65BEA5530F}"
EndProject
Project("{FAE04EC0-301F-11D3-BF4B-00C04F79EFBC}") = "Unity.XR.OpenXR.Features.OculusQuestSupport", "Unity.XR.OpenXR.Features.OculusQuestSupport.csproj", "{BAA9C5DC-436E-6140-5264-D0EF58FF0B69}"
EndProject
Project("{FAE04EC0-301F-11D3-BF4B-00C04F79EFBC}") = "Unity.XR.OpenXR.Features.MockRuntime", "Unity.XR.OpenXR.Features.MockRuntime.csproj", "{423F4CCC-2EF7-E203-5287-A2083811D297}"
EndProject
Project("{FAE04EC0-301F-11D3-BF4B-00C04F79EFBC}") = "Unity.XR.OpenXR.Features.RuntimeDebugger", "Unity.XR.OpenXR.Features.RuntimeDebugger.csproj", "{6DB49BEA-FDEE-451F-4D3E-68855778E95E}"
EndProject
Project("{FAE04EC0-301F-11D3-BF4B-00C04F79EFBC}") = "Microsoft.MixedReality.Toolkit.Providers.WindowsMixedReality.Editor", "Microsoft.MixedReality.Toolkit.Providers.WindowsMixedReality.Editor.csproj", "{8EBD5867-E4CB-575D-F353-52C92811571B}"
EndProject
Project("{FAE04EC0-301F-11D3-BF4B-00C04F79EFBC}") = "Microsoft.MixedReality.Toolkit.Providers.XRSDK.Oculus.Handtracking.Editor", "Microsoft.MixedReality.Toolkit.Providers.XRSDK.Oculus.Handtracking.Editor.csproj", "{52CA88DF-2EE4-50BE-7622-CB214D999D08}"
EndProject
Project("{FAE04EC0-301F-11D3-BF4B-00C04F79EFBC}") = "Microsoft.MixedReality.Toolkit.Services.CameraSystem", "Microsoft.MixedReality.Toolkit.Services.CameraSystem.csproj", "{635DD480-1996-89FA-D9C2-E6F82C26EE16}"
EndProject
Project("{FAE04EC0-301F-11D3-BF4B-00C04F79EFBC}") = "Unity.XR.OpenXR.Features.MetaQuestSupport", "Unity.XR.OpenXR.Features.MetaQuestSupport.csproj", "{CCD788BF-1CCF-497B-5544-D02D82A7A58C}"
EndProject
Project("{FAE04EC0-301F-11D3-BF4B-00C04F79EFBC}") = "Microsoft.MixedReality.Toolkit.Editor.ClassExtensions", "Microsoft.MixedReality.Toolkit.Editor.ClassExtensions.csproj", "{D386E44E-A142-D80A-CD49-0F3F93A1E067}"
EndProject
Project("{FAE04EC0-301F-11D3-BF4B-00C04F79EFBC}") = "Microsoft.MixedReality.Toolkit.Providers.OpenXR.Editor", "Microsoft.MixedReality.Toolkit.Providers.OpenXR.Editor.csproj", "{9C2E3C4E-6392-C88F-7DB3-66EF1D7C416B}"
EndProject
Project("{FAE04EC0-301F-11D3-BF4B-00C04F79EFBC}") = "Unity.CollabProxy.Editor", "Unity.CollabProxy.Editor.csproj", "{66C288CC-DADD-B7D8-6FDC-6B1E44A87C8A}"
EndProject
Project("{FAE04EC0-301F-11D3-BF4B-00C04F79EFBC}") = "Unity.Timeline", "Unity.Timeline.Player.csproj", "{B7D7F383-7C19-A03B-43BA-301435FAA1A6}"
EndProject
Project("{FAE04EC0-301F-11D3-BF4B-00C04F79EFBC}") = "Unity.XR.Management", "Unity.XR.Management.Player.csproj", "{BA9129C3-6588-6D24-2B15-C1E7EBBBC97E}"
EndProject
Project("{FAE04EC0-301F-11D3-BF4B-00C04F79EFBC}") = "Unity.VisualScripting.Flow", "Unity.VisualScripting.Flow.Player.csproj", "{5C90033C-AE2A-CB3A-DBCD-DF4B460B4FC0}"
EndProject
Project("{FAE04EC0-301F-11D3-BF4B-00C04F79EFBC}") = "Microsoft.MixedReality.Toolkit", "Microsoft.MixedReality.Toolkit.Player.csproj", "{3112D8DF-A014-41F7-8893-B44F3560391B}"
EndProject
Project("{FAE04EC0-301F-11D3-BF4B-00C04F79EFBC}") = "Microsoft.MixedReality.Toolkit.SDK", "Microsoft.MixedReality.Toolkit.SDK.Player.csproj", "{FE01ABEC-80BD-A7E2-8681-7CBF2AF9CE1C}"
EndProject
Project("{FAE04EC0-301F-11D3-BF4B-00C04F79EFBC}") = "Unity.Mathematics", "Unity.Mathematics.Player.csproj", "{C4A7C8D6-FC48-C28E-21B2-4F3DDB38D9C3}"
EndProject
Project("{FAE04EC0-301F-11D3-BF4B-00C04F79EFBC}") = "Microsoft.MixedReality.Toolkit.SDK.Experimental.Interactive", "Microsoft.MixedReality.Toolkit.SDK.Experimental.Interactive.Player.csproj", "{616A1CF4-A9DE-CF5C-F234-96CE8CB88E6E}"
EndProject
Project("{FAE04EC0-301F-11D3-BF4B-00C04F79EFBC}") = "Microsoft.MixedReality.Toolkit.Providers.XRSDK.Oculus", "Microsoft.MixedReality.Toolkit.Providers.XRSDK.Oculus.Player.csproj", "{31F55257-253C-2146-18E8-74D8384AE487}"
EndProject
Project("{FAE04EC0-301F-11D3-BF4B-00C04F79EFBC}") = "Unity.XR.CoreUtils", "Unity.XR.CoreUtils.Player.csproj", "{660B3E4C-3AD5-4CB6-4220-60857CFD9D43}"
EndProject
Project("{FAE04EC0-301F-11D3-BF4B-00C04F79EFBC}") = "Unity.InputSystem", "Unity.InputSystem.Player.csproj", "{6E5B6E47-8633-6699-C16B-5AA3088272CB}"
EndProject
Project("{FAE04EC0-301F-11D3-BF4B-00C04F79EFBC}") = "Unity.XR.ARFoundation", "Unity.XR.ARFoundation.Player.csproj", "{D2FA22A9-2213-BB55-49A6-E92B8EED262A}"
EndProject
Project("{FAE04EC0-301F-11D3-BF4B-00C04F79EFBC}") = "Unity.XR.OpenXR", "Unity.XR.OpenXR.Player.csproj", "{ABCF50BA-431B-B94A-2315-47403D030FD0}"
EndProject
Project("{FAE04EC0-301F-11D3-BF4B-00C04F79EFBC}") = "UnityEngine.TestRunner", "UnityEngine.TestRunner.Player.csproj", "{EA3BC9D7-95A2-DF7E-D170-F703C27F04F5}"
EndProject
Project("{FAE04EC0-301F-11D3-BF4B-00C04F79EFBC}") = "Unity.VisualScripting.Core", "Unity.VisualScripting.Core.Player.csproj", "{440D8895-F9A4-7C39-3B1D-97962B3DE67A}"
EndProject
Project("{FAE04EC0-301F-11D3-BF4B-00C04F79EFBC}") = "Microsoft.MixedReality.Toolkit.Providers.OpenXR", "Microsoft.MixedReality.Toolkit.Providers.OpenXR.Player.csproj", "{D3435468-346E-1984-6BFE-EABD32E853EE}"
EndProject
Project("{FAE04EC0-301F-11D3-BF4B-00C04F79EFBC}") = "Unity.XR.ARSubsystems", "Unity.XR.ARSubsystems.Player.csproj", "{6F0C8FFB-2FDB-5500-DED8-3727260FE453}"
EndProject
Project("{FAE04EC0-301F-11D3-BF4B-00C04F79EFBC}") = "Unity.XR.Simulation", "Unity.XR.Simulation.Player.csproj", "{32E9AA00-29E3-2C18-9960-255CC295DC94}"
EndProject
Project("{FAE04EC0-301F-11D3-BF4B-00C04F79EFBC}") = "Microsoft.MixedReality.OpenXR", "Microsoft.MixedReality.OpenXR.Player.csproj", "{8AA196BF-D244-6178-AB77-2A3A64AC09AE}"
EndProject
Project("{FAE04EC0-301F-11D3-BF4B-00C04F79EFBC}") = "Microsoft.MixedReality.Toolkit.Gltf", "Microsoft.MixedReality.Toolkit.Gltf.Player.csproj", "{A0008A15-A51D-1821-668B-6D37FB7A5B4A}"
EndProject
Project("{FAE04EC0-301F-11D3-BF4B-00C04F79EFBC}") = "UnityEngine.UI", "UnityEngine.UI.Player.csproj", "{B9B7C0B4-5775-C577-164B-CFDBD247FE90}"
EndProject
Project("{FAE04EC0-301F-11D3-BF4B-00C04F79EFBC}") = "Unity.VisualScripting.State", "Unity.VisualScripting.State.Player.csproj", "{0D114284-1B72-2482-2940-575C8E63929E}"
EndProject
Project("{FAE04EC0-301F-11D3-BF4B-00C04F79EFBC}") = "Unity.TextMeshPro", "Unity.TextMeshPro.Player.csproj", "{EF6F1202-BA86-B52E-B4F5-F6C8C6FF581E}"
EndProject
Project("{FAE04EC0-301F-11D3-BF4B-00C04F79EFBC}") = "Assembly-CSharp", "Assembly-CSharp.Player.csproj", "{D5E45014-FC01-9244-050B-285A6D7069BB}"
EndProject
Project("{FAE04EC0-301F-11D3-BF4B-00C04F79EFBC}") = "Microsoft.MixedReality.Toolkit.Providers.XRSDK.WindowsMixedReality", "Microsoft.MixedReality.Toolkit.Providers.XRSDK.WindowsMixedReality.Player.csproj", "{7DC29D7C-95D7-49A8-9FC8-2D5EE767EAA4}"
EndProject
Project("{FAE04EC0-301F-11D3-BF4B-00C04F79EFBC}") = "Microsoft.MixedReality.Toolkit.Services.InputSystem", "Microsoft.MixedReality.Toolkit.Services.InputSystem.Player.csproj", "{3361EE15-F98B-01C9-E05C-7BA0172D1377}"
EndProject
Project("{FAE04EC0-301F-11D3-BF4B-00C04F79EFBC}") = "Microsoft.MixedReality.Toolkit.Providers.WindowsVoiceInput", "Microsoft.MixedReality.Toolkit.Providers.WindowsVoiceInput.Player.csproj", "{6271702B-ED8C-A8B2-2A64-7DCCE0A298E0}"
EndProject
Project("{FAE04EC0-301F-11D3-BF4B-00C04F79EFBC}") = "Microsoft.MixedReality.Toolkit.Services.InputSimulation", "Microsoft.MixedReality.Toolkit.Services.InputSimulation.Player.csproj", "{E39E10C3-17FB-6D24-6004-734AAAF90429}"
EndProject
Project("{FAE04EC0-301F-11D3-BF4B-00C04F79EFBC}") = "Microsoft.MixedReality.Toolkit.Services.DiagnosticsSystem", "Microsoft.MixedReality.Toolkit.Services.DiagnosticsSystem.Player.csproj", "{E0684E7D-3439-44CE-D7EE-A1F35B3CA45E}"
EndProject
Project("{FAE04EC0-301F-11D3-BF4B-00C04F79EFBC}") = "UnityEngine.SpatialTracking", "UnityEngine.SpatialTracking.Player.csproj", "{81FEE059-CAE0-D628-8A9C-FDB2565370C3}"
EndProject
Project("{FAE04EC0-301F-11D3-BF4B-00C04F79EFBC}") = "Microsoft.MixedReality.Toolkit.Services.SceneSystem", "Microsoft.MixedReality.Toolkit.Services.SceneSystem.Player.csproj", "{7FDDBF1A-81D2-5ADA-4ED5-33CA6A22EFBC}"
EndProject
Project("{FAE04EC0-301F-11D3-BF4B-00C04F79EFBC}") = "Microsoft.MixedReality.Toolkit.Async", "Microsoft.MixedReality.Toolkit.Async.Player.csproj", "{52378F17-4518-55B9-2D0A-C0168DB27FD2}"
EndProject
Project("{FAE04EC0-301F-11D3-BF4B-00C04F79EFBC}") = "Microsoft.MixedReality.Toolkit.Providers.XRSDK", "Microsoft.MixedReality.Toolkit.Providers.XRSDK.Player.csproj", "{8C49DD37-3074-1AC6-F4FE-0F4A66E1240C}"
EndProject
Project("{FAE04EC0-301F-11D3-BF4B-00C04F79EFBC}") = "Microsoft.MixedReality.Toolkit.Services.InputAnimation", "Microsoft.MixedReality.Toolkit.Services.InputAnimation.Player.csproj", "{EE228344-3D3C-5846-3216-F7FB07480B42}"
EndProject
Project("{FAE04EC0-301F-11D3-BF4B-00C04F79EFBC}") = "Unity.InputSystem.ForUI", "Unity.InputSystem.ForUI.Player.csproj", "{580DA436-B109-D873-1C16-93126DB91B10}"
EndProject
Project("{FAE04EC0-301F-11D3-BF4B-00C04F79EFBC}") = "Microsoft.MixedReality.Toolkit.Providers.WindowsMixedReality.Shared", "Microsoft.MixedReality.Toolkit.Providers.WindowsMixedReality.Shared.Player.csproj", "{EDBEC438-32FB-F009-C246-B71DD93B25AA}"
EndProject
Project("{FAE04EC0-301F-11D3-BF4B-00C04F79EFBC}") = "Microsoft.MixedReality.Toolkit.Services.TeleportSystem", "Microsoft.MixedReality.Toolkit.Services.TeleportSystem.Player.csproj", "{07EE1AE5-DD70-E39E-A31C-616EC3A63AEE}"
EndProject
Project("{FAE04EC0-301F-11D3-BF4B-00C04F79EFBC}") = "Microsoft.MixedReality.Toolkit.Providers.LeapMotion", "Microsoft.MixedReality.Toolkit.Providers.LeapMotion.Player.csproj", "{6A92DD3A-BB50-0F34-F6A4-4DF21E47F4AE}"
EndProject
Project("{FAE04EC0-301F-11D3-BF4B-00C04F79EFBC}") = "Unity.InputSystem.TestFramework", "Unity.InputSystem.TestFramework.Player.csproj", "{DA39BF22-EB30-B272-722E-3EFD2614AF8F}"
EndProject
Project("{FAE04EC0-301F-11D3-BF4B-00C04F79EFBC}") = "Unity.XR.OpenXR.Features.ConformanceAutomation", "Unity.XR.OpenXR.Features.ConformanceAutomation.Player.csproj", "{A21B1C07-D5A7-A5D1-021D-6839B3F178B2}"
EndProject
Project("{FAE04EC0-301F-11D3-BF4B-00C04F79EFBC}") = "Microsoft.MixedReality.Toolkit.Services.SpatialAwarenessSystem", "Microsoft.MixedReality.Toolkit.Services.SpatialAwarenessSystem.Player.csproj", "{4C3B2AFB-DE94-BC85-785E-54D7E824A6D0}"
EndProject
Project("{FAE04EC0-301F-11D3-BF4B-00C04F79EFBC}") = "Unity.XR.ARFoundation.InternalUtils", "Unity.XR.ARFoundation.InternalUtils.Player.csproj", "{7DE14494-E672-0BF6-68A6-A604AA1602CB}"
EndProject
Project("{FAE04EC0-301F-11D3-BF4B-00C04F79EFBC}") = "UnityEngine.XR.LegacyInputHelpers", "UnityEngine.XR.LegacyInputHelpers.Player.csproj", "{8EE94B60-F3D2-E6F0-0AE7-FA57BF548A92}"
EndProject
Project("{FAE04EC0-301F-11D3-BF4B-00C04F79EFBC}") = "Unity.XR.OpenXR.Features.OculusQuestSupport", "Unity.XR.OpenXR.Features.OculusQuestSupport.Player.csproj", "{424426D5-903B-14A1-D625-589B20C8CC5D}"
EndProject
Project("{FAE04EC0-301F-11D3-BF4B-00C04F79EFBC}") = "Unity.XR.OpenXR.Features.MockRuntime", "Unity.XR.OpenXR.Features.MockRuntime.Player.csproj", "{16F216ED-2940-7E05-144F-9CA581B91856}"
EndProject
Project("{FAE04EC0-301F-11D3-BF4B-00C04F79EFBC}") = "Unity.XR.OpenXR.Features.RuntimeDebugger", "Unity.XR.OpenXR.Features.RuntimeDebugger.Player.csproj", "{5B26713C-844C-7CB4-7803-D5237B13D96D}"
EndProject
Project("{FAE04EC0-301F-11D3-BF4B-00C04F79EFBC}") = "Microsoft.MixedReality.Toolkit.Services.CameraSystem", "Microsoft.MixedReality.Toolkit.Services.CameraSystem.Player.csproj", "{C97463DB-10E2-E381-7CB5-23FF90E63A15}"
EndProject
Project("{FAE04EC0-301F-11D3-BF4B-00C04F79EFBC}") = "Unity.XR.OpenXR.Features.MetaQuestSupport", "Unity.XR.OpenXR.Features.MetaQuestSupport.Player.csproj", "{217E1109-42BC-30BB-5A60-76E5CECA7FFB}"
EndProject
Global
	GlobalSection(SolutionConfigurationPlatforms) = preSolution
		Debug|Any CPU = Debug|Any CPU
		Release|Any CPU = Release|Any CPU
	EndGlobalSection
	GlobalSection(ProjectConfigurationPlatforms) = postSolution
		{450A249A-B2E8-D180-65B3-1FBB0538CDF1}.Debug|Any CPU.ActiveCfg = Debug|Any CPU
		{450A249A-B2E8-D180-65B3-1FBB0538CDF1}.Debug|Any CPU.Build.0 = Debug|Any CPU
		{450A249A-B2E8-D180-65B3-1FBB0538CDF1}.Release|Any CPU.ActiveCfg = Release|Any CPU
		{450A249A-B2E8-D180-65B3-1FBB0538CDF1}.Release|Any CPU.Build.0 = Release|Any CPU
		{9742E114-D289-272E-7ECE-C348280884C1}.Debug|Any CPU.ActiveCfg = Debug|Any CPU
		{9742E114-D289-272E-7ECE-C348280884C1}.Debug|Any CPU.Build.0 = Debug|Any CPU
		{9742E114-D289-272E-7ECE-C348280884C1}.Release|Any CPU.ActiveCfg = Release|Any CPU
		{9742E114-D289-272E-7ECE-C348280884C1}.Release|Any CPU.Build.0 = Release|Any CPU
		{E9EE6F61-84E0-2687-9806-21786388B81B}.Debug|Any CPU.ActiveCfg = Debug|Any CPU
		{E9EE6F61-84E0-2687-9806-21786388B81B}.Debug|Any CPU.Build.0 = Debug|Any CPU
		{E9EE6F61-84E0-2687-9806-21786388B81B}.Release|Any CPU.ActiveCfg = Release|Any CPU
		{E9EE6F61-84E0-2687-9806-21786388B81B}.Release|Any CPU.Build.0 = Release|Any CPU
		{D83377FB-444B-157E-9197-A8B78293D890}.Debug|Any CPU.ActiveCfg = Debug|Any CPU
		{D83377FB-444B-157E-9197-A8B78293D890}.Debug|Any CPU.Build.0 = Debug|Any CPU
		{D83377FB-444B-157E-9197-A8B78293D890}.Release|Any CPU.ActiveCfg = Release|Any CPU
		{D83377FB-444B-157E-9197-A8B78293D890}.Release|Any CPU.Build.0 = Release|Any CPU
		{1519B8F1-A74B-2169-2C5D-ACD31742754A}.Debug|Any CPU.ActiveCfg = Debug|Any CPU
		{1519B8F1-A74B-2169-2C5D-ACD31742754A}.Debug|Any CPU.Build.0 = Debug|Any CPU
		{1519B8F1-A74B-2169-2C5D-ACD31742754A}.Release|Any CPU.ActiveCfg = Release|Any CPU
		{1519B8F1-A74B-2169-2C5D-ACD31742754A}.Release|Any CPU.Build.0 = Release|Any CPU
		{BC270744-A47F-9117-283F-ED2545322183}.Debug|Any CPU.ActiveCfg = Debug|Any CPU
		{BC270744-A47F-9117-283F-ED2545322183}.Debug|Any CPU.Build.0 = Debug|Any CPU
		{BC270744-A47F-9117-283F-ED2545322183}.Release|Any CPU.ActiveCfg = Release|Any CPU
		{BC270744-A47F-9117-283F-ED2545322183}.Release|Any CPU.Build.0 = Release|Any CPU
		{38870259-A3DC-BB1D-EA8E-96DD2E3D62D0}.Debug|Any CPU.ActiveCfg = Debug|Any CPU
		{38870259-A3DC-BB1D-EA8E-96DD2E3D62D0}.Debug|Any CPU.Build.0 = Debug|Any CPU
		{38870259-A3DC-BB1D-EA8E-96DD2E3D62D0}.Release|Any CPU.ActiveCfg = Release|Any CPU
		{38870259-A3DC-BB1D-EA8E-96DD2E3D62D0}.Release|Any CPU.Build.0 = Release|Any CPU
		{DC62B96E-21B9-C380-5481-ED7DF17ED4DB}.Debug|Any CPU.ActiveCfg = Debug|Any CPU
		{DC62B96E-21B9-C380-5481-ED7DF17ED4DB}.Debug|Any CPU.Build.0 = Debug|Any CPU
		{DC62B96E-21B9-C380-5481-ED7DF17ED4DB}.Release|Any CPU.ActiveCfg = Release|Any CPU
		{DC62B96E-21B9-C380-5481-ED7DF17ED4DB}.Release|Any CPU.Build.0 = Release|Any CPU
		{992DA824-DB88-CE62-0742-FECC73191780}.Debug|Any CPU.ActiveCfg = Debug|Any CPU
		{992DA824-DB88-CE62-0742-FECC73191780}.Debug|Any CPU.Build.0 = Debug|Any CPU
		{992DA824-DB88-CE62-0742-FECC73191780}.Release|Any CPU.ActiveCfg = Release|Any CPU
		{992DA824-DB88-CE62-0742-FECC73191780}.Release|Any CPU.Build.0 = Release|Any CPU
		{58E6820D-8B54-5F7B-0B49-5C79330B5353}.Debug|Any CPU.ActiveCfg = Debug|Any CPU
		{58E6820D-8B54-5F7B-0B49-5C79330B5353}.Debug|Any CPU.Build.0 = Debug|Any CPU
		{58E6820D-8B54-5F7B-0B49-5C79330B5353}.Release|Any CPU.ActiveCfg = Release|Any CPU
		{58E6820D-8B54-5F7B-0B49-5C79330B5353}.Release|Any CPU.Build.0 = Release|Any CPU
		{4D2F3254-1CC2-32B4-C99A-87B5AD095D03}.Debug|Any CPU.ActiveCfg = Debug|Any CPU
		{4D2F3254-1CC2-32B4-C99A-87B5AD095D03}.Debug|Any CPU.Build.0 = Debug|Any CPU
		{4D2F3254-1CC2-32B4-C99A-87B5AD095D03}.Release|Any CPU.ActiveCfg = Release|Any CPU
		{4D2F3254-1CC2-32B4-C99A-87B5AD095D03}.Release|Any CPU.Build.0 = Release|Any CPU
		{6565BDE9-0296-32AC-6AD2-C8C62C669977}.Debug|Any CPU.ActiveCfg = Debug|Any CPU
		{6565BDE9-0296-32AC-6AD2-C8C62C669977}.Debug|Any CPU.Build.0 = Debug|Any CPU
		{6565BDE9-0296-32AC-6AD2-C8C62C669977}.Release|Any CPU.ActiveCfg = Release|Any CPU
		{6565BDE9-0296-32AC-6AD2-C8C62C669977}.Release|Any CPU.Build.0 = Release|Any CPU
		{21A3735D-B728-1E0D-6771-A96315116F6A}.Debug|Any CPU.ActiveCfg = Debug|Any CPU
		{21A3735D-B728-1E0D-6771-A96315116F6A}.Debug|Any CPU.Build.0 = Debug|Any CPU
		{21A3735D-B728-1E0D-6771-A96315116F6A}.Release|Any CPU.ActiveCfg = Release|Any CPU
		{21A3735D-B728-1E0D-6771-A96315116F6A}.Release|Any CPU.Build.0 = Release|Any CPU
		{82402F12-7874-7EEF-FA7A-56B0979CC988}.Debug|Any CPU.ActiveCfg = Debug|Any CPU
		{82402F12-7874-7EEF-FA7A-56B0979CC988}.Debug|Any CPU.Build.0 = Debug|Any CPU
		{82402F12-7874-7EEF-FA7A-56B0979CC988}.Release|Any CPU.ActiveCfg = Release|Any CPU
		{82402F12-7874-7EEF-FA7A-56B0979CC988}.Release|Any CPU.Build.0 = Release|Any CPU
		{65AD45F2-FD19-ED64-F368-7593A7670C0A}.Debug|Any CPU.ActiveCfg = Debug|Any CPU
		{65AD45F2-FD19-ED64-F368-7593A7670C0A}.Debug|Any CPU.Build.0 = Debug|Any CPU
		{65AD45F2-FD19-ED64-F368-7593A7670C0A}.Release|Any CPU.ActiveCfg = Release|Any CPU
		{65AD45F2-FD19-ED64-F368-7593A7670C0A}.Release|Any CPU.Build.0 = Release|Any CPU
		{FE309796-28EA-3D00-CC59-51141914252B}.Debug|Any CPU.ActiveCfg = Debug|Any CPU
		{FE309796-28EA-3D00-CC59-51141914252B}.Debug|Any CPU.Build.0 = Debug|Any CPU
		{FE309796-28EA-3D00-CC59-51141914252B}.Release|Any CPU.ActiveCfg = Release|Any CPU
		{FE309796-28EA-3D00-CC59-51141914252B}.Release|Any CPU.Build.0 = Release|Any CPU
		{47E461A3-53D9-AD0F-4F65-66E76FC945BF}.Debug|Any CPU.ActiveCfg = Debug|Any CPU
		{47E461A3-53D9-AD0F-4F65-66E76FC945BF}.Debug|Any CPU.Build.0 = Debug|Any CPU
		{47E461A3-53D9-AD0F-4F65-66E76FC945BF}.Release|Any CPU.ActiveCfg = Release|Any CPU
		{47E461A3-53D9-AD0F-4F65-66E76FC945BF}.Release|Any CPU.Build.0 = Release|Any CPU
		{005A7B1D-911A-0FD8-6CCB-5A0775E8CB65}.Debug|Any CPU.ActiveCfg = Debug|Any CPU
		{005A7B1D-911A-0FD8-6CCB-5A0775E8CB65}.Debug|Any CPU.Build.0 = Debug|Any CPU
		{005A7B1D-911A-0FD8-6CCB-5A0775E8CB65}.Release|Any CPU.ActiveCfg = Release|Any CPU
		{005A7B1D-911A-0FD8-6CCB-5A0775E8CB65}.Release|Any CPU.Build.0 = Release|Any CPU
		{FF0A5427-C98C-01A0-BC65-7F47935EB129}.Debug|Any CPU.ActiveCfg = Debug|Any CPU
		{FF0A5427-C98C-01A0-BC65-7F47935EB129}.Debug|Any CPU.Build.0 = Debug|Any CPU
		{FF0A5427-C98C-01A0-BC65-7F47935EB129}.Release|Any CPU.ActiveCfg = Release|Any CPU
		{FF0A5427-C98C-01A0-BC65-7F47935EB129}.Release|Any CPU.Build.0 = Release|Any CPU
		{2CD16AF0-A127-0B10-E3FE-AA0CBBC5A9D0}.Debug|Any CPU.ActiveCfg = Debug|Any CPU
		{2CD16AF0-A127-0B10-E3FE-AA0CBBC5A9D0}.Debug|Any CPU.Build.0 = Debug|Any CPU
		{2CD16AF0-A127-0B10-E3FE-AA0CBBC5A9D0}.Release|Any CPU.ActiveCfg = Release|Any CPU
		{2CD16AF0-A127-0B10-E3FE-AA0CBBC5A9D0}.Release|Any CPU.Build.0 = Release|Any CPU
		{57B7F85B-DACD-ECF4-3983-E2867A65AF0C}.Debug|Any CPU.ActiveCfg = Debug|Any CPU
		{57B7F85B-DACD-ECF4-3983-E2867A65AF0C}.Debug|Any CPU.Build.0 = Debug|Any CPU
		{57B7F85B-DACD-ECF4-3983-E2867A65AF0C}.Release|Any CPU.ActiveCfg = Release|Any CPU
		{57B7F85B-DACD-ECF4-3983-E2867A65AF0C}.Release|Any CPU.Build.0 = Release|Any CPU
		{72F272EE-3857-4CB0-BEBD-2BB82CE3C88C}.Debug|Any CPU.ActiveCfg = Debug|Any CPU
		{72F272EE-3857-4CB0-BEBD-2BB82CE3C88C}.Debug|Any CPU.Build.0 = Debug|Any CPU
		{72F272EE-3857-4CB0-BEBD-2BB82CE3C88C}.Release|Any CPU.ActiveCfg = Release|Any CPU
		{72F272EE-3857-4CB0-BEBD-2BB82CE3C88C}.Release|Any CPU.Build.0 = Release|Any CPU
		{7DFAFC49-0539-EDDC-3D6C-B93749A6CEE9}.Debug|Any CPU.ActiveCfg = Debug|Any CPU
		{7DFAFC49-0539-EDDC-3D6C-B93749A6CEE9}.Debug|Any CPU.Build.0 = Debug|Any CPU
		{7DFAFC49-0539-EDDC-3D6C-B93749A6CEE9}.Release|Any CPU.ActiveCfg = Release|Any CPU
		{7DFAFC49-0539-EDDC-3D6C-B93749A6CEE9}.Release|Any CPU.Build.0 = Release|Any CPU
		{E97D55F9-CCD9-6005-A496-F8D9432044AE}.Debug|Any CPU.ActiveCfg = Debug|Any CPU
		{E97D55F9-CCD9-6005-A496-F8D9432044AE}.Debug|Any CPU.Build.0 = Debug|Any CPU
		{E97D55F9-CCD9-6005-A496-F8D9432044AE}.Release|Any CPU.ActiveCfg = Release|Any CPU
		{E97D55F9-CCD9-6005-A496-F8D9432044AE}.Release|Any CPU.Build.0 = Release|Any CPU
		{C73F9085-7598-642B-EEB0-9E6A0D29C8F4}.Debug|Any CPU.ActiveCfg = Debug|Any CPU
		{C73F9085-7598-642B-EEB0-9E6A0D29C8F4}.Debug|Any CPU.Build.0 = Debug|Any CPU
		{C73F9085-7598-642B-EEB0-9E6A0D29C8F4}.Release|Any CPU.ActiveCfg = Release|Any CPU
		{C73F9085-7598-642B-EEB0-9E6A0D29C8F4}.Release|Any CPU.Build.0 = Release|Any CPU
		{A29923D0-71E8-84C9-A617-9B02A6993B86}.Debug|Any CPU.ActiveCfg = Debug|Any CPU
		{A29923D0-71E8-84C9-A617-9B02A6993B86}.Debug|Any CPU.Build.0 = Debug|Any CPU
		{A29923D0-71E8-84C9-A617-9B02A6993B86}.Release|Any CPU.ActiveCfg = Release|Any CPU
		{A29923D0-71E8-84C9-A617-9B02A6993B86}.Release|Any CPU.Build.0 = Release|Any CPU
		{8575CA7E-8935-57EF-2C4A-795A30892AAA}.Debug|Any CPU.ActiveCfg = Debug|Any CPU
		{8575CA7E-8935-57EF-2C4A-795A30892AAA}.Debug|Any CPU.Build.0 = Debug|Any CPU
		{8575CA7E-8935-57EF-2C4A-795A30892AAA}.Release|Any CPU.ActiveCfg = Release|Any CPU
		{8575CA7E-8935-57EF-2C4A-795A30892AAA}.Release|Any CPU.Build.0 = Release|Any CPU
		{E234E55E-157A-F208-72FA-C52888B6178B}.Debug|Any CPU.ActiveCfg = Debug|Any CPU
		{E234E55E-157A-F208-72FA-C52888B6178B}.Debug|Any CPU.Build.0 = Debug|Any CPU
		{E234E55E-157A-F208-72FA-C52888B6178B}.Release|Any CPU.ActiveCfg = Release|Any CPU
		{E234E55E-157A-F208-72FA-C52888B6178B}.Release|Any CPU.Build.0 = Release|Any CPU
		{1B656F90-E551-ACD6-2413-1DBE0B38B6FA}.Debug|Any CPU.ActiveCfg = Debug|Any CPU
		{1B656F90-E551-ACD6-2413-1DBE0B38B6FA}.Debug|Any CPU.Build.0 = Debug|Any CPU
		{1B656F90-E551-ACD6-2413-1DBE0B38B6FA}.Release|Any CPU.ActiveCfg = Release|Any CPU
		{1B656F90-E551-ACD6-2413-1DBE0B38B6FA}.Release|Any CPU.Build.0 = Release|Any CPU
		{35AD1EBB-E80D-2F1B-62D0-BA2A636E3290}.Debug|Any CPU.ActiveCfg = Debug|Any CPU
		{35AD1EBB-E80D-2F1B-62D0-BA2A636E3290}.Debug|Any CPU.Build.0 = Debug|Any CPU
		{35AD1EBB-E80D-2F1B-62D0-BA2A636E3290}.Release|Any CPU.ActiveCfg = Release|Any CPU
		{35AD1EBB-E80D-2F1B-62D0-BA2A636E3290}.Release|Any CPU.Build.0 = Release|Any CPU
		{E1B85391-557B-96FE-0912-E30DDF279166}.Debug|Any CPU.ActiveCfg = Debug|Any CPU
		{E1B85391-557B-96FE-0912-E30DDF279166}.Debug|Any CPU.Build.0 = Debug|Any CPU
		{E1B85391-557B-96FE-0912-E30DDF279166}.Release|Any CPU.ActiveCfg = Release|Any CPU
		{E1B85391-557B-96FE-0912-E30DDF279166}.Release|Any CPU.Build.0 = Release|Any CPU
		{37742302-631C-6A7D-72AA-0C280DDD5AF7}.Debug|Any CPU.ActiveCfg = Debug|Any CPU
		{37742302-631C-6A7D-72AA-0C280DDD5AF7}.Debug|Any CPU.Build.0 = Debug|Any CPU
		{37742302-631C-6A7D-72AA-0C280DDD5AF7}.Release|Any CPU.ActiveCfg = Release|Any CPU
		{37742302-631C-6A7D-72AA-0C280DDD5AF7}.Release|Any CPU.Build.0 = Release|Any CPU
		{CCF188CF-7BD1-CF79-2FF3-EC7A2D1A2883}.Debug|Any CPU.ActiveCfg = Debug|Any CPU
		{CCF188CF-7BD1-CF79-2FF3-EC7A2D1A2883}.Debug|Any CPU.Build.0 = Debug|Any CPU
		{CCF188CF-7BD1-CF79-2FF3-EC7A2D1A2883}.Release|Any CPU.ActiveCfg = Release|Any CPU
		{CCF188CF-7BD1-CF79-2FF3-EC7A2D1A2883}.Release|Any CPU.Build.0 = Release|Any CPU
		{68384CE7-4169-AA47-BFC6-4551B556E9A7}.Debug|Any CPU.ActiveCfg = Debug|Any CPU
		{68384CE7-4169-AA47-BFC6-4551B556E9A7}.Debug|Any CPU.Build.0 = Debug|Any CPU
		{68384CE7-4169-AA47-BFC6-4551B556E9A7}.Release|Any CPU.ActiveCfg = Release|Any CPU
		{68384CE7-4169-AA47-BFC6-4551B556E9A7}.Release|Any CPU.Build.0 = Release|Any CPU
		{51CF7146-DA82-BB43-0883-586D98122BC1}.Debug|Any CPU.ActiveCfg = Debug|Any CPU
		{51CF7146-DA82-BB43-0883-586D98122BC1}.Debug|Any CPU.Build.0 = Debug|Any CPU
		{51CF7146-DA82-BB43-0883-586D98122BC1}.Release|Any CPU.ActiveCfg = Release|Any CPU
		{51CF7146-DA82-BB43-0883-586D98122BC1}.Release|Any CPU.Build.0 = Release|Any CPU
		{5B866335-F29F-A3E5-AE81-3E4B5DCAB91E}.Debug|Any CPU.ActiveCfg = Debug|Any CPU
		{5B866335-F29F-A3E5-AE81-3E4B5DCAB91E}.Debug|Any CPU.Build.0 = Debug|Any CPU
		{5B866335-F29F-A3E5-AE81-3E4B5DCAB91E}.Release|Any CPU.ActiveCfg = Release|Any CPU
		{5B866335-F29F-A3E5-AE81-3E4B5DCAB91E}.Release|Any CPU.Build.0 = Release|Any CPU
		{EE77CF75-5F60-6A5C-3F81-1FEADAC771AF}.Debug|Any CPU.ActiveCfg = Debug|Any CPU
		{EE77CF75-5F60-6A5C-3F81-1FEADAC771AF}.Debug|Any CPU.Build.0 = Debug|Any CPU
		{EE77CF75-5F60-6A5C-3F81-1FEADAC771AF}.Release|Any CPU.ActiveCfg = Release|Any CPU
		{EE77CF75-5F60-6A5C-3F81-1FEADAC771AF}.Release|Any CPU.Build.0 = Release|Any CPU
		{82E5710C-70F3-431D-966D-287C7F8FF484}.Debug|Any CPU.ActiveCfg = Debug|Any CPU
		{82E5710C-70F3-431D-966D-287C7F8FF484}.Debug|Any CPU.Build.0 = Debug|Any CPU
		{82E5710C-70F3-431D-966D-287C7F8FF484}.Release|Any CPU.ActiveCfg = Release|Any CPU
		{82E5710C-70F3-431D-966D-287C7F8FF484}.Release|Any CPU.Build.0 = Release|Any CPU
		{D36F5188-F6CF-E49A-4EB4-A99318B595E2}.Debug|Any CPU.ActiveCfg = Debug|Any CPU
		{D36F5188-F6CF-E49A-4EB4-A99318B595E2}.Debug|Any CPU.Build.0 = Debug|Any CPU
		{D36F5188-F6CF-E49A-4EB4-A99318B595E2}.Release|Any CPU.ActiveCfg = Release|Any CPU
		{D36F5188-F6CF-E49A-4EB4-A99318B595E2}.Release|Any CPU.Build.0 = Release|Any CPU
		{1B139F24-2EA6-DA00-8234-C334ED0A788C}.Debug|Any CPU.ActiveCfg = Debug|Any CPU
		{1B139F24-2EA6-DA00-8234-C334ED0A788C}.Debug|Any CPU.Build.0 = Debug|Any CPU
		{1B139F24-2EA6-DA00-8234-C334ED0A788C}.Release|Any CPU.ActiveCfg = Release|Any CPU
		{1B139F24-2EA6-DA00-8234-C334ED0A788C}.Release|Any CPU.Build.0 = Release|Any CPU
		{C50AB616-9C2A-FAFA-94FA-1335ED50C21D}.Debug|Any CPU.ActiveCfg = Debug|Any CPU
		{C50AB616-9C2A-FAFA-94FA-1335ED50C21D}.Debug|Any CPU.Build.0 = Debug|Any CPU
		{C50AB616-9C2A-FAFA-94FA-1335ED50C21D}.Release|Any CPU.ActiveCfg = Release|Any CPU
		{C50AB616-9C2A-FAFA-94FA-1335ED50C21D}.Release|Any CPU.Build.0 = Release|Any CPU
		{983F4349-1C1B-B218-ED32-78FCCC161C4F}.Debug|Any CPU.ActiveCfg = Debug|Any CPU
		{983F4349-1C1B-B218-ED32-78FCCC161C4F}.Debug|Any CPU.Build.0 = Debug|Any CPU
		{983F4349-1C1B-B218-ED32-78FCCC161C4F}.Release|Any CPU.ActiveCfg = Release|Any CPU
		{983F4349-1C1B-B218-ED32-78FCCC161C4F}.Release|Any CPU.Build.0 = Release|Any CPU
		{4A6AAC7C-4C24-CE96-D96A-1D27D55FA995}.Debug|Any CPU.ActiveCfg = Debug|Any CPU
		{4A6AAC7C-4C24-CE96-D96A-1D27D55FA995}.Debug|Any CPU.Build.0 = Debug|Any CPU
		{4A6AAC7C-4C24-CE96-D96A-1D27D55FA995}.Release|Any CPU.ActiveCfg = Release|Any CPU
		{4A6AAC7C-4C24-CE96-D96A-1D27D55FA995}.Release|Any CPU.Build.0 = Release|Any CPU
		{385A7C9E-B92A-D6FE-0348-2E8695ED0195}.Debug|Any CPU.ActiveCfg = Debug|Any CPU
		{385A7C9E-B92A-D6FE-0348-2E8695ED0195}.Debug|Any CPU.Build.0 = Debug|Any CPU
		{385A7C9E-B92A-D6FE-0348-2E8695ED0195}.Release|Any CPU.ActiveCfg = Release|Any CPU
		{385A7C9E-B92A-D6FE-0348-2E8695ED0195}.Release|Any CPU.Build.0 = Release|Any CPU
		{643A03AB-CA24-F182-D609-56881E83EEE7}.Debug|Any CPU.ActiveCfg = Debug|Any CPU
		{643A03AB-CA24-F182-D609-56881E83EEE7}.Debug|Any CPU.Build.0 = Debug|Any CPU
		{643A03AB-CA24-F182-D609-56881E83EEE7}.Release|Any CPU.ActiveCfg = Release|Any CPU
		{643A03AB-CA24-F182-D609-56881E83EEE7}.Release|Any CPU.Build.0 = Release|Any CPU
		{E0C0CA9B-C607-6120-1472-AEB19CEFFE6F}.Debug|Any CPU.ActiveCfg = Debug|Any CPU
		{E0C0CA9B-C607-6120-1472-AEB19CEFFE6F}.Debug|Any CPU.Build.0 = Debug|Any CPU
		{E0C0CA9B-C607-6120-1472-AEB19CEFFE6F}.Release|Any CPU.ActiveCfg = Release|Any CPU
		{E0C0CA9B-C607-6120-1472-AEB19CEFFE6F}.Release|Any CPU.Build.0 = Release|Any CPU
		{B8C7925C-5E09-4294-D03B-DB1228420C57}.Debug|Any CPU.ActiveCfg = Debug|Any CPU
		{B8C7925C-5E09-4294-D03B-DB1228420C57}.Debug|Any CPU.Build.0 = Debug|Any CPU
		{B8C7925C-5E09-4294-D03B-DB1228420C57}.Release|Any CPU.ActiveCfg = Release|Any CPU
		{B8C7925C-5E09-4294-D03B-DB1228420C57}.Release|Any CPU.Build.0 = Release|Any CPU
		{B341B9F8-3FF0-0CE7-5538-9392CE71AF0B}.Debug|Any CPU.ActiveCfg = Debug|Any CPU
		{B341B9F8-3FF0-0CE7-5538-9392CE71AF0B}.Debug|Any CPU.Build.0 = Debug|Any CPU
		{B341B9F8-3FF0-0CE7-5538-9392CE71AF0B}.Release|Any CPU.ActiveCfg = Release|Any CPU
		{B341B9F8-3FF0-0CE7-5538-9392CE71AF0B}.Release|Any CPU.Build.0 = Release|Any CPU
		{EAB9240B-00F8-7CEC-B538-4ED852C03149}.Debug|Any CPU.ActiveCfg = Debug|Any CPU
		{EAB9240B-00F8-7CEC-B538-4ED852C03149}.Debug|Any CPU.Build.0 = Debug|Any CPU
		{EAB9240B-00F8-7CEC-B538-4ED852C03149}.Release|Any CPU.ActiveCfg = Release|Any CPU
		{EAB9240B-00F8-7CEC-B538-4ED852C03149}.Release|Any CPU.Build.0 = Release|Any CPU
		{C586F91F-DB23-0F62-6264-F7DC72FAAF97}.Debug|Any CPU.ActiveCfg = Debug|Any CPU
		{C586F91F-DB23-0F62-6264-F7DC72FAAF97}.Debug|Any CPU.Build.0 = Debug|Any CPU
		{C586F91F-DB23-0F62-6264-F7DC72FAAF97}.Release|Any CPU.ActiveCfg = Release|Any CPU
		{C586F91F-DB23-0F62-6264-F7DC72FAAF97}.Release|Any CPU.Build.0 = Release|Any CPU
		{BDD8307C-B0BA-E9A3-3AC4-825C947DF7D1}.Debug|Any CPU.ActiveCfg = Debug|Any CPU
		{BDD8307C-B0BA-E9A3-3AC4-825C947DF7D1}.Debug|Any CPU.Build.0 = Debug|Any CPU
		{BDD8307C-B0BA-E9A3-3AC4-825C947DF7D1}.Release|Any CPU.ActiveCfg = Release|Any CPU
		{BDD8307C-B0BA-E9A3-3AC4-825C947DF7D1}.Release|Any CPU.Build.0 = Release|Any CPU
		{324D6D70-6707-6358-265D-9DEB81FDFBCB}.Debug|Any CPU.ActiveCfg = Debug|Any CPU
		{324D6D70-6707-6358-265D-9DEB81FDFBCB}.Debug|Any CPU.Build.0 = Debug|Any CPU
		{324D6D70-6707-6358-265D-9DEB81FDFBCB}.Release|Any CPU.ActiveCfg = Release|Any CPU
		{324D6D70-6707-6358-265D-9DEB81FDFBCB}.Release|Any CPU.Build.0 = Release|Any CPU
		{A29E5119-5C6F-AADB-6B4F-F0E47288ADEB}.Debug|Any CPU.ActiveCfg = Debug|Any CPU
		{A29E5119-5C6F-AADB-6B4F-F0E47288ADEB}.Debug|Any CPU.Build.0 = Debug|Any CPU
		{A29E5119-5C6F-AADB-6B4F-F0E47288ADEB}.Release|Any CPU.ActiveCfg = Release|Any CPU
		{A29E5119-5C6F-AADB-6B4F-F0E47288ADEB}.Release|Any CPU.Build.0 = Release|Any CPU
		{C2FCBB24-6D74-09B5-DD59-846A6A1160C0}.Debug|Any CPU.ActiveCfg = Debug|Any CPU
		{C2FCBB24-6D74-09B5-DD59-846A6A1160C0}.Debug|Any CPU.Build.0 = Debug|Any CPU
		{C2FCBB24-6D74-09B5-DD59-846A6A1160C0}.Release|Any CPU.ActiveCfg = Release|Any CPU
		{C2FCBB24-6D74-09B5-DD59-846A6A1160C0}.Release|Any CPU.Build.0 = Release|Any CPU
		{2C7625E2-7E06-5C15-84CB-72786E08E580}.Debug|Any CPU.ActiveCfg = Debug|Any CPU
		{2C7625E2-7E06-5C15-84CB-72786E08E580}.Debug|Any CPU.Build.0 = Debug|Any CPU
		{2C7625E2-7E06-5C15-84CB-72786E08E580}.Release|Any CPU.ActiveCfg = Release|Any CPU
		{2C7625E2-7E06-5C15-84CB-72786E08E580}.Release|Any CPU.Build.0 = Release|Any CPU
		{33F7DA86-534A-31F9-05DF-13786A3787F7}.Debug|Any CPU.ActiveCfg = Debug|Any CPU
		{33F7DA86-534A-31F9-05DF-13786A3787F7}.Debug|Any CPU.Build.0 = Debug|Any CPU
		{33F7DA86-534A-31F9-05DF-13786A3787F7}.Release|Any CPU.ActiveCfg = Release|Any CPU
		{33F7DA86-534A-31F9-05DF-13786A3787F7}.Release|Any CPU.Build.0 = Release|Any CPU
		{D07B76B1-6854-BD0A-D704-AE49F0AA56ED}.Debug|Any CPU.ActiveCfg = Debug|Any CPU
		{D07B76B1-6854-BD0A-D704-AE49F0AA56ED}.Debug|Any CPU.Build.0 = Debug|Any CPU
		{D07B76B1-6854-BD0A-D704-AE49F0AA56ED}.Release|Any CPU.ActiveCfg = Release|Any CPU
		{D07B76B1-6854-BD0A-D704-AE49F0AA56ED}.Release|Any CPU.Build.0 = Release|Any CPU
		{44A0D0C0-64E0-D264-47B7-3FBC73AE7746}.Debug|Any CPU.ActiveCfg = Debug|Any CPU
		{44A0D0C0-64E0-D264-47B7-3FBC73AE7746}.Debug|Any CPU.Build.0 = Debug|Any CPU
		{44A0D0C0-64E0-D264-47B7-3FBC73AE7746}.Release|Any CPU.ActiveCfg = Release|Any CPU
		{44A0D0C0-64E0-D264-47B7-3FBC73AE7746}.Release|Any CPU.Build.0 = Release|Any CPU
		{9880F39B-E909-F2C5-816E-0231DA902EDF}.Debug|Any CPU.ActiveCfg = Debug|Any CPU
		{9880F39B-E909-F2C5-816E-0231DA902EDF}.Debug|Any CPU.Build.0 = Debug|Any CPU
		{9880F39B-E909-F2C5-816E-0231DA902EDF}.Release|Any CPU.ActiveCfg = Release|Any CPU
		{9880F39B-E909-F2C5-816E-0231DA902EDF}.Release|Any CPU.Build.0 = Release|Any CPU
		{6DC82457-F1F2-B89D-CC26-7993DF8C0BA4}.Debug|Any CPU.ActiveCfg = Debug|Any CPU
		{6DC82457-F1F2-B89D-CC26-7993DF8C0BA4}.Debug|Any CPU.Build.0 = Debug|Any CPU
		{6DC82457-F1F2-B89D-CC26-7993DF8C0BA4}.Release|Any CPU.ActiveCfg = Release|Any CPU
		{6DC82457-F1F2-B89D-CC26-7993DF8C0BA4}.Release|Any CPU.Build.0 = Release|Any CPU
		{D84E61EC-3B48-E04E-FBEA-ACCFF9C88D9B}.Debug|Any CPU.ActiveCfg = Debug|Any CPU
		{D84E61EC-3B48-E04E-FBEA-ACCFF9C88D9B}.Debug|Any CPU.Build.0 = Debug|Any CPU
		{D84E61EC-3B48-E04E-FBEA-ACCFF9C88D9B}.Release|Any CPU.ActiveCfg = Release|Any CPU
		{D84E61EC-3B48-E04E-FBEA-ACCFF9C88D9B}.Release|Any CPU.Build.0 = Release|Any CPU
		{A34C695C-78EE-2A96-DD9C-77340FD00E18}.Debug|Any CPU.ActiveCfg = Debug|Any CPU
		{A34C695C-78EE-2A96-DD9C-77340FD00E18}.Debug|Any CPU.Build.0 = Debug|Any CPU
		{A34C695C-78EE-2A96-DD9C-77340FD00E18}.Release|Any CPU.ActiveCfg = Release|Any CPU
		{A34C695C-78EE-2A96-DD9C-77340FD00E18}.Release|Any CPU.Build.0 = Release|Any CPU
		{6CE1DA96-5540-91B1-A900-1B9071C2A7A1}.Debug|Any CPU.ActiveCfg = Debug|Any CPU
		{6CE1DA96-5540-91B1-A900-1B9071C2A7A1}.Debug|Any CPU.Build.0 = Debug|Any CPU
		{6CE1DA96-5540-91B1-A900-1B9071C2A7A1}.Release|Any CPU.ActiveCfg = Release|Any CPU
		{6CE1DA96-5540-91B1-A900-1B9071C2A7A1}.Release|Any CPU.Build.0 = Release|Any CPU
		{1C501E1D-C348-126C-BEC3-F32F0E9E1EE9}.Debug|Any CPU.ActiveCfg = Debug|Any CPU
		{1C501E1D-C348-126C-BEC3-F32F0E9E1EE9}.Debug|Any CPU.Build.0 = Debug|Any CPU
		{1C501E1D-C348-126C-BEC3-F32F0E9E1EE9}.Release|Any CPU.ActiveCfg = Release|Any CPU
		{1C501E1D-C348-126C-BEC3-F32F0E9E1EE9}.Release|Any CPU.Build.0 = Release|Any CPU
		{0FC3CF83-3BFB-26A1-DD08-D3AC2F492D4B}.Debug|Any CPU.ActiveCfg = Debug|Any CPU
		{0FC3CF83-3BFB-26A1-DD08-D3AC2F492D4B}.Debug|Any CPU.Build.0 = Debug|Any CPU
		{0FC3CF83-3BFB-26A1-DD08-D3AC2F492D4B}.Release|Any CPU.ActiveCfg = Release|Any CPU
		{0FC3CF83-3BFB-26A1-DD08-D3AC2F492D4B}.Release|Any CPU.Build.0 = Release|Any CPU
		{6168F292-57C2-B2F1-D372-8699A48D6C5B}.Debug|Any CPU.ActiveCfg = Debug|Any CPU
		{6168F292-57C2-B2F1-D372-8699A48D6C5B}.Debug|Any CPU.Build.0 = Debug|Any CPU
		{6168F292-57C2-B2F1-D372-8699A48D6C5B}.Release|Any CPU.ActiveCfg = Release|Any CPU
		{6168F292-57C2-B2F1-D372-8699A48D6C5B}.Release|Any CPU.Build.0 = Release|Any CPU
		{8FCE83EB-D480-0AC0-5272-E3F0D2AA68A5}.Debug|Any CPU.ActiveCfg = Debug|Any CPU
		{8FCE83EB-D480-0AC0-5272-E3F0D2AA68A5}.Debug|Any CPU.Build.0 = Debug|Any CPU
		{8FCE83EB-D480-0AC0-5272-E3F0D2AA68A5}.Release|Any CPU.ActiveCfg = Release|Any CPU
		{8FCE83EB-D480-0AC0-5272-E3F0D2AA68A5}.Release|Any CPU.Build.0 = Release|Any CPU
		{00022FAD-2746-D61A-EBE1-2E1185CF0ED6}.Debug|Any CPU.ActiveCfg = Debug|Any CPU
		{00022FAD-2746-D61A-EBE1-2E1185CF0ED6}.Debug|Any CPU.Build.0 = Debug|Any CPU
		{00022FAD-2746-D61A-EBE1-2E1185CF0ED6}.Release|Any CPU.ActiveCfg = Release|Any CPU
		{00022FAD-2746-D61A-EBE1-2E1185CF0ED6}.Release|Any CPU.Build.0 = Release|Any CPU
		{EFEB9BFC-F838-1B8F-5C7C-533572030782}.Debug|Any CPU.ActiveCfg = Debug|Any CPU
		{EFEB9BFC-F838-1B8F-5C7C-533572030782}.Debug|Any CPU.Build.0 = Debug|Any CPU
		{EFEB9BFC-F838-1B8F-5C7C-533572030782}.Release|Any CPU.ActiveCfg = Release|Any CPU
		{EFEB9BFC-F838-1B8F-5C7C-533572030782}.Release|Any CPU.Build.0 = Release|Any CPU
		{56CD85C6-103E-E890-209B-CB533664007E}.Debug|Any CPU.ActiveCfg = Debug|Any CPU
		{56CD85C6-103E-E890-209B-CB533664007E}.Debug|Any CPU.Build.0 = Debug|Any CPU
		{56CD85C6-103E-E890-209B-CB533664007E}.Release|Any CPU.ActiveCfg = Release|Any CPU
		{56CD85C6-103E-E890-209B-CB533664007E}.Release|Any CPU.Build.0 = Release|Any CPU
		{CF9EC0E3-E5DA-A892-96C3-64045597F3DE}.Debug|Any CPU.ActiveCfg = Debug|Any CPU
		{CF9EC0E3-E5DA-A892-96C3-64045597F3DE}.Debug|Any CPU.Build.0 = Debug|Any CPU
		{CF9EC0E3-E5DA-A892-96C3-64045597F3DE}.Release|Any CPU.ActiveCfg = Release|Any CPU
		{CF9EC0E3-E5DA-A892-96C3-64045597F3DE}.Release|Any CPU.Build.0 = Release|Any CPU
		{829F4073-700F-E01F-B569-5E9DF3C4A624}.Debug|Any CPU.ActiveCfg = Debug|Any CPU
		{829F4073-700F-E01F-B569-5E9DF3C4A624}.Debug|Any CPU.Build.0 = Debug|Any CPU
		{829F4073-700F-E01F-B569-5E9DF3C4A624}.Release|Any CPU.ActiveCfg = Release|Any CPU
		{829F4073-700F-E01F-B569-5E9DF3C4A624}.Release|Any CPU.Build.0 = Release|Any CPU
		{88D5F8B1-1D54-AD76-EC69-1BE62E82B3D1}.Debug|Any CPU.ActiveCfg = Debug|Any CPU
		{88D5F8B1-1D54-AD76-EC69-1BE62E82B3D1}.Debug|Any CPU.Build.0 = Debug|Any CPU
		{88D5F8B1-1D54-AD76-EC69-1BE62E82B3D1}.Release|Any CPU.ActiveCfg = Release|Any CPU
		{88D5F8B1-1D54-AD76-EC69-1BE62E82B3D1}.Release|Any CPU.Build.0 = Release|Any CPU
		{9B1A1383-5D58-7C28-A99E-7F7825A9ACF6}.Debug|Any CPU.ActiveCfg = Debug|Any CPU
		{9B1A1383-5D58-7C28-A99E-7F7825A9ACF6}.Debug|Any CPU.Build.0 = Debug|Any CPU
		{9B1A1383-5D58-7C28-A99E-7F7825A9ACF6}.Release|Any CPU.ActiveCfg = Release|Any CPU
		{9B1A1383-5D58-7C28-A99E-7F7825A9ACF6}.Release|Any CPU.Build.0 = Release|Any CPU
		{913AAA54-A4A9-3606-EE10-7A628F649F59}.Debug|Any CPU.ActiveCfg = Debug|Any CPU
		{913AAA54-A4A9-3606-EE10-7A628F649F59}.Debug|Any CPU.Build.0 = Debug|Any CPU
		{913AAA54-A4A9-3606-EE10-7A628F649F59}.Release|Any CPU.ActiveCfg = Release|Any CPU
		{913AAA54-A4A9-3606-EE10-7A628F649F59}.Release|Any CPU.Build.0 = Release|Any CPU
		{DA5485D9-EE74-3D82-FDEC-7A96B8CD2014}.Debug|Any CPU.ActiveCfg = Debug|Any CPU
		{DA5485D9-EE74-3D82-FDEC-7A96B8CD2014}.Debug|Any CPU.Build.0 = Debug|Any CPU
		{DA5485D9-EE74-3D82-FDEC-7A96B8CD2014}.Release|Any CPU.ActiveCfg = Release|Any CPU
		{DA5485D9-EE74-3D82-FDEC-7A96B8CD2014}.Release|Any CPU.Build.0 = Release|Any CPU
		{22163CAB-F101-005D-A347-CC76CD684C6F}.Debug|Any CPU.ActiveCfg = Debug|Any CPU
		{22163CAB-F101-005D-A347-CC76CD684C6F}.Debug|Any CPU.Build.0 = Debug|Any CPU
		{22163CAB-F101-005D-A347-CC76CD684C6F}.Release|Any CPU.ActiveCfg = Release|Any CPU
		{22163CAB-F101-005D-A347-CC76CD684C6F}.Release|Any CPU.Build.0 = Release|Any CPU
		{64048C0B-D9F4-EA7E-8138-99BC9F383794}.Debug|Any CPU.ActiveCfg = Debug|Any CPU
		{64048C0B-D9F4-EA7E-8138-99BC9F383794}.Debug|Any CPU.Build.0 = Debug|Any CPU
		{64048C0B-D9F4-EA7E-8138-99BC9F383794}.Release|Any CPU.ActiveCfg = Release|Any CPU
		{64048C0B-D9F4-EA7E-8138-99BC9F383794}.Release|Any CPU.Build.0 = Release|Any CPU
		{532672B0-3AB1-633B-70CD-94F9780B9D0F}.Debug|Any CPU.ActiveCfg = Debug|Any CPU
		{532672B0-3AB1-633B-70CD-94F9780B9D0F}.Debug|Any CPU.Build.0 = Debug|Any CPU
		{532672B0-3AB1-633B-70CD-94F9780B9D0F}.Release|Any CPU.ActiveCfg = Release|Any CPU
		{532672B0-3AB1-633B-70CD-94F9780B9D0F}.Release|Any CPU.Build.0 = Release|Any CPU
		{2DFAC67B-8FDF-5762-2FC8-9832F39DB0B2}.Debug|Any CPU.ActiveCfg = Debug|Any CPU
		{2DFAC67B-8FDF-5762-2FC8-9832F39DB0B2}.Debug|Any CPU.Build.0 = Debug|Any CPU
		{2DFAC67B-8FDF-5762-2FC8-9832F39DB0B2}.Release|Any CPU.ActiveCfg = Release|Any CPU
		{2DFAC67B-8FDF-5762-2FC8-9832F39DB0B2}.Release|Any CPU.Build.0 = Release|Any CPU
		{3FB13350-2CE0-1933-CE2E-B1DF7AC84AEE}.Debug|Any CPU.ActiveCfg = Debug|Any CPU
		{3FB13350-2CE0-1933-CE2E-B1DF7AC84AEE}.Debug|Any CPU.Build.0 = Debug|Any CPU
		{3FB13350-2CE0-1933-CE2E-B1DF7AC84AEE}.Release|Any CPU.ActiveCfg = Release|Any CPU
		{3FB13350-2CE0-1933-CE2E-B1DF7AC84AEE}.Release|Any CPU.Build.0 = Release|Any CPU
		{B80ACDBE-1911-CEA6-396F-FF80C0BDD396}.Debug|Any CPU.ActiveCfg = Debug|Any CPU
		{B80ACDBE-1911-CEA6-396F-FF80C0BDD396}.Debug|Any CPU.Build.0 = Debug|Any CPU
		{B80ACDBE-1911-CEA6-396F-FF80C0BDD396}.Release|Any CPU.ActiveCfg = Release|Any CPU
		{B80ACDBE-1911-CEA6-396F-FF80C0BDD396}.Release|Any CPU.Build.0 = Release|Any CPU
		{FAA8CF4D-0956-2972-D4B1-6D7B480337AB}.Debug|Any CPU.ActiveCfg = Debug|Any CPU
		{FAA8CF4D-0956-2972-D4B1-6D7B480337AB}.Debug|Any CPU.Build.0 = Debug|Any CPU
		{FAA8CF4D-0956-2972-D4B1-6D7B480337AB}.Release|Any CPU.ActiveCfg = Release|Any CPU
		{FAA8CF4D-0956-2972-D4B1-6D7B480337AB}.Release|Any CPU.Build.0 = Release|Any CPU
		{8B70128E-B464-4041-45D5-7A48FFAC90A7}.Debug|Any CPU.ActiveCfg = Debug|Any CPU
		{8B70128E-B464-4041-45D5-7A48FFAC90A7}.Debug|Any CPU.Build.0 = Debug|Any CPU
		{8B70128E-B464-4041-45D5-7A48FFAC90A7}.Release|Any CPU.ActiveCfg = Release|Any CPU
		{8B70128E-B464-4041-45D5-7A48FFAC90A7}.Release|Any CPU.Build.0 = Release|Any CPU
		{B0A47054-EAB3-377F-53F5-A4E41ECBE583}.Debug|Any CPU.ActiveCfg = Debug|Any CPU
		{B0A47054-EAB3-377F-53F5-A4E41ECBE583}.Debug|Any CPU.Build.0 = Debug|Any CPU
		{B0A47054-EAB3-377F-53F5-A4E41ECBE583}.Release|Any CPU.ActiveCfg = Release|Any CPU
		{B0A47054-EAB3-377F-53F5-A4E41ECBE583}.Release|Any CPU.Build.0 = Release|Any CPU
		{57A8BDAA-89E2-6167-46EF-B8B5210EE24B}.Debug|Any CPU.ActiveCfg = Debug|Any CPU
		{57A8BDAA-89E2-6167-46EF-B8B5210EE24B}.Debug|Any CPU.Build.0 = Debug|Any CPU
		{57A8BDAA-89E2-6167-46EF-B8B5210EE24B}.Release|Any CPU.ActiveCfg = Release|Any CPU
		{57A8BDAA-89E2-6167-46EF-B8B5210EE24B}.Release|Any CPU.Build.0 = Release|Any CPU
		{F1CBC674-2B11-3F6D-549E-F3F0270333A0}.Debug|Any CPU.ActiveCfg = Debug|Any CPU
		{F1CBC674-2B11-3F6D-549E-F3F0270333A0}.Debug|Any CPU.Build.0 = Debug|Any CPU
		{F1CBC674-2B11-3F6D-549E-F3F0270333A0}.Release|Any CPU.ActiveCfg = Release|Any CPU
		{F1CBC674-2B11-3F6D-549E-F3F0270333A0}.Release|Any CPU.Build.0 = Release|Any CPU
		{E3C8792C-BA26-D036-B9A4-D84B449FAAC7}.Debug|Any CPU.ActiveCfg = Debug|Any CPU
		{E3C8792C-BA26-D036-B9A4-D84B449FAAC7}.Debug|Any CPU.Build.0 = Debug|Any CPU
		{E3C8792C-BA26-D036-B9A4-D84B449FAAC7}.Release|Any CPU.ActiveCfg = Release|Any CPU
		{E3C8792C-BA26-D036-B9A4-D84B449FAAC7}.Release|Any CPU.Build.0 = Release|Any CPU
		{57A235A4-29F5-993C-A65F-DDCD377A9E76}.Debug|Any CPU.ActiveCfg = Debug|Any CPU
		{57A235A4-29F5-993C-A65F-DDCD377A9E76}.Debug|Any CPU.Build.0 = Debug|Any CPU
		{57A235A4-29F5-993C-A65F-DDCD377A9E76}.Release|Any CPU.ActiveCfg = Release|Any CPU
		{57A235A4-29F5-993C-A65F-DDCD377A9E76}.Release|Any CPU.Build.0 = Release|Any CPU
		{5E6DD897-BFF9-5855-EBDF-62CC1650DC5F}.Debug|Any CPU.ActiveCfg = Debug|Any CPU
		{5E6DD897-BFF9-5855-EBDF-62CC1650DC5F}.Debug|Any CPU.Build.0 = Debug|Any CPU
		{5E6DD897-BFF9-5855-EBDF-62CC1650DC5F}.Release|Any CPU.ActiveCfg = Release|Any CPU
		{5E6DD897-BFF9-5855-EBDF-62CC1650DC5F}.Release|Any CPU.Build.0 = Release|Any CPU
		{E84EC630-17CD-A27B-9A84-75AB3EEC1919}.Debug|Any CPU.ActiveCfg = Debug|Any CPU
		{E84EC630-17CD-A27B-9A84-75AB3EEC1919}.Debug|Any CPU.Build.0 = Debug|Any CPU
		{E84EC630-17CD-A27B-9A84-75AB3EEC1919}.Release|Any CPU.ActiveCfg = Release|Any CPU
		{E84EC630-17CD-A27B-9A84-75AB3EEC1919}.Release|Any CPU.Build.0 = Release|Any CPU
		{8DF555E4-8995-65DD-6FAE-2F65BEA5530F}.Debug|Any CPU.ActiveCfg = Debug|Any CPU
		{8DF555E4-8995-65DD-6FAE-2F65BEA5530F}.Debug|Any CPU.Build.0 = Debug|Any CPU
		{8DF555E4-8995-65DD-6FAE-2F65BEA5530F}.Release|Any CPU.ActiveCfg = Release|Any CPU
		{8DF555E4-8995-65DD-6FAE-2F65BEA5530F}.Release|Any CPU.Build.0 = Release|Any CPU
		{BAA9C5DC-436E-6140-5264-D0EF58FF0B69}.Debug|Any CPU.ActiveCfg = Debug|Any CPU
		{BAA9C5DC-436E-6140-5264-D0EF58FF0B69}.Debug|Any CPU.Build.0 = Debug|Any CPU
		{BAA9C5DC-436E-6140-5264-D0EF58FF0B69}.Release|Any CPU.ActiveCfg = Release|Any CPU
		{BAA9C5DC-436E-6140-5264-D0EF58FF0B69}.Release|Any CPU.Build.0 = Release|Any CPU
		{423F4CCC-2EF7-E203-5287-A2083811D297}.Debug|Any CPU.ActiveCfg = Debug|Any CPU
		{423F4CCC-2EF7-E203-5287-A2083811D297}.Debug|Any CPU.Build.0 = Debug|Any CPU
		{423F4CCC-2EF7-E203-5287-A2083811D297}.Release|Any CPU.ActiveCfg = Release|Any CPU
		{423F4CCC-2EF7-E203-5287-A2083811D297}.Release|Any CPU.Build.0 = Release|Any CPU
		{6DB49BEA-FDEE-451F-4D3E-68855778E95E}.Debug|Any CPU.ActiveCfg = Debug|Any CPU
		{6DB49BEA-FDEE-451F-4D3E-68855778E95E}.Debug|Any CPU.Build.0 = Debug|Any CPU
		{6DB49BEA-FDEE-451F-4D3E-68855778E95E}.Release|Any CPU.ActiveCfg = Release|Any CPU
		{6DB49BEA-FDEE-451F-4D3E-68855778E95E}.Release|Any CPU.Build.0 = Release|Any CPU
		{8EBD5867-E4CB-575D-F353-52C92811571B}.Debug|Any CPU.ActiveCfg = Debug|Any CPU
		{8EBD5867-E4CB-575D-F353-52C92811571B}.Debug|Any CPU.Build.0 = Debug|Any CPU
		{8EBD5867-E4CB-575D-F353-52C92811571B}.Release|Any CPU.ActiveCfg = Release|Any CPU
		{8EBD5867-E4CB-575D-F353-52C92811571B}.Release|Any CPU.Build.0 = Release|Any CPU
		{52CA88DF-2EE4-50BE-7622-CB214D999D08}.Debug|Any CPU.ActiveCfg = Debug|Any CPU
		{52CA88DF-2EE4-50BE-7622-CB214D999D08}.Debug|Any CPU.Build.0 = Debug|Any CPU
		{52CA88DF-2EE4-50BE-7622-CB214D999D08}.Release|Any CPU.ActiveCfg = Release|Any CPU
		{52CA88DF-2EE4-50BE-7622-CB214D999D08}.Release|Any CPU.Build.0 = Release|Any CPU
		{635DD480-1996-89FA-D9C2-E6F82C26EE16}.Debug|Any CPU.ActiveCfg = Debug|Any CPU
		{635DD480-1996-89FA-D9C2-E6F82C26EE16}.Debug|Any CPU.Build.0 = Debug|Any CPU
		{635DD480-1996-89FA-D9C2-E6F82C26EE16}.Release|Any CPU.ActiveCfg = Release|Any CPU
		{635DD480-1996-89FA-D9C2-E6F82C26EE16}.Release|Any CPU.Build.0 = Release|Any CPU
		{CCD788BF-1CCF-497B-5544-D02D82A7A58C}.Debug|Any CPU.ActiveCfg = Debug|Any CPU
		{CCD788BF-1CCF-497B-5544-D02D82A7A58C}.Debug|Any CPU.Build.0 = Debug|Any CPU
		{CCD788BF-1CCF-497B-5544-D02D82A7A58C}.Release|Any CPU.ActiveCfg = Release|Any CPU
		{CCD788BF-1CCF-497B-5544-D02D82A7A58C}.Release|Any CPU.Build.0 = Release|Any CPU
		{D386E44E-A142-D80A-CD49-0F3F93A1E067}.Debug|Any CPU.ActiveCfg = Debug|Any CPU
		{D386E44E-A142-D80A-CD49-0F3F93A1E067}.Debug|Any CPU.Build.0 = Debug|Any CPU
		{D386E44E-A142-D80A-CD49-0F3F93A1E067}.Release|Any CPU.ActiveCfg = Release|Any CPU
		{D386E44E-A142-D80A-CD49-0F3F93A1E067}.Release|Any CPU.Build.0 = Release|Any CPU
		{9C2E3C4E-6392-C88F-7DB3-66EF1D7C416B}.Debug|Any CPU.ActiveCfg = Debug|Any CPU
		{9C2E3C4E-6392-C88F-7DB3-66EF1D7C416B}.Debug|Any CPU.Build.0 = Debug|Any CPU
		{9C2E3C4E-6392-C88F-7DB3-66EF1D7C416B}.Release|Any CPU.ActiveCfg = Release|Any CPU
		{9C2E3C4E-6392-C88F-7DB3-66EF1D7C416B}.Release|Any CPU.Build.0 = Release|Any CPU
		{66C288CC-DADD-B7D8-6FDC-6B1E44A87C8A}.Debug|Any CPU.ActiveCfg = Debug|Any CPU
		{66C288CC-DADD-B7D8-6FDC-6B1E44A87C8A}.Debug|Any CPU.Build.0 = Debug|Any CPU
		{66C288CC-DADD-B7D8-6FDC-6B1E44A87C8A}.Release|Any CPU.ActiveCfg = Release|Any CPU
		{66C288CC-DADD-B7D8-6FDC-6B1E44A87C8A}.Release|Any CPU.Build.0 = Release|Any CPU
		{B7D7F383-7C19-A03B-43BA-301435FAA1A6}.Debug|Any CPU.ActiveCfg = Debug|Any CPU
		{B7D7F383-7C19-A03B-43BA-301435FAA1A6}.Debug|Any CPU.Build.0 = Debug|Any CPU
		{B7D7F383-7C19-A03B-43BA-301435FAA1A6}.Release|Any CPU.ActiveCfg = Release|Any CPU
		{B7D7F383-7C19-A03B-43BA-301435FAA1A6}.Release|Any CPU.Build.0 = Release|Any CPU
		{BA9129C3-6588-6D24-2B15-C1E7EBBBC97E}.Debug|Any CPU.ActiveCfg = Debug|Any CPU
		{BA9129C3-6588-6D24-2B15-C1E7EBBBC97E}.Debug|Any CPU.Build.0 = Debug|Any CPU
		{BA9129C3-6588-6D24-2B15-C1E7EBBBC97E}.Release|Any CPU.ActiveCfg = Release|Any CPU
		{BA9129C3-6588-6D24-2B15-C1E7EBBBC97E}.Release|Any CPU.Build.0 = Release|Any CPU
		{5C90033C-AE2A-CB3A-DBCD-DF4B460B4FC0}.Debug|Any CPU.ActiveCfg = Debug|Any CPU
		{5C90033C-AE2A-CB3A-DBCD-DF4B460B4FC0}.Debug|Any CPU.Build.0 = Debug|Any CPU
		{5C90033C-AE2A-CB3A-DBCD-DF4B460B4FC0}.Release|Any CPU.ActiveCfg = Release|Any CPU
		{5C90033C-AE2A-CB3A-DBCD-DF4B460B4FC0}.Release|Any CPU.Build.0 = Release|Any CPU
		{3112D8DF-A014-41F7-8893-B44F3560391B}.Debug|Any CPU.ActiveCfg = Debug|Any CPU
		{3112D8DF-A014-41F7-8893-B44F3560391B}.Debug|Any CPU.Build.0 = Debug|Any CPU
		{3112D8DF-A014-41F7-8893-B44F3560391B}.Release|Any CPU.ActiveCfg = Release|Any CPU
		{3112D8DF-A014-41F7-8893-B44F3560391B}.Release|Any CPU.Build.0 = Release|Any CPU
		{FE01ABEC-80BD-A7E2-8681-7CBF2AF9CE1C}.Debug|Any CPU.ActiveCfg = Debug|Any CPU
		{FE01ABEC-80BD-A7E2-8681-7CBF2AF9CE1C}.Debug|Any CPU.Build.0 = Debug|Any CPU
		{FE01ABEC-80BD-A7E2-8681-7CBF2AF9CE1C}.Release|Any CPU.ActiveCfg = Release|Any CPU
		{FE01ABEC-80BD-A7E2-8681-7CBF2AF9CE1C}.Release|Any CPU.Build.0 = Release|Any CPU
		{C4A7C8D6-FC48-C28E-21B2-4F3DDB38D9C3}.Debug|Any CPU.ActiveCfg = Debug|Any CPU
		{C4A7C8D6-FC48-C28E-21B2-4F3DDB38D9C3}.Debug|Any CPU.Build.0 = Debug|Any CPU
		{C4A7C8D6-FC48-C28E-21B2-4F3DDB38D9C3}.Release|Any CPU.ActiveCfg = Release|Any CPU
		{C4A7C8D6-FC48-C28E-21B2-4F3DDB38D9C3}.Release|Any CPU.Build.0 = Release|Any CPU
		{616A1CF4-A9DE-CF5C-F234-96CE8CB88E6E}.Debug|Any CPU.ActiveCfg = Debug|Any CPU
		{616A1CF4-A9DE-CF5C-F234-96CE8CB88E6E}.Debug|Any CPU.Build.0 = Debug|Any CPU
		{616A1CF4-A9DE-CF5C-F234-96CE8CB88E6E}.Release|Any CPU.ActiveCfg = Release|Any CPU
		{616A1CF4-A9DE-CF5C-F234-96CE8CB88E6E}.Release|Any CPU.Build.0 = Release|Any CPU
		{31F55257-253C-2146-18E8-74D8384AE487}.Debug|Any CPU.ActiveCfg = Debug|Any CPU
		{31F55257-253C-2146-18E8-74D8384AE487}.Debug|Any CPU.Build.0 = Debug|Any CPU
		{31F55257-253C-2146-18E8-74D8384AE487}.Release|Any CPU.ActiveCfg = Release|Any CPU
		{31F55257-253C-2146-18E8-74D8384AE487}.Release|Any CPU.Build.0 = Release|Any CPU
		{660B3E4C-3AD5-4CB6-4220-60857CFD9D43}.Debug|Any CPU.ActiveCfg = Debug|Any CPU
		{660B3E4C-3AD5-4CB6-4220-60857CFD9D43}.Debug|Any CPU.Build.0 = Debug|Any CPU
		{660B3E4C-3AD5-4CB6-4220-60857CFD9D43}.Release|Any CPU.ActiveCfg = Release|Any CPU
		{660B3E4C-3AD5-4CB6-4220-60857CFD9D43}.Release|Any CPU.Build.0 = Release|Any CPU
		{6E5B6E47-8633-6699-C16B-5AA3088272CB}.Debug|Any CPU.ActiveCfg = Debug|Any CPU
		{6E5B6E47-8633-6699-C16B-5AA3088272CB}.Debug|Any CPU.Build.0 = Debug|Any CPU
		{6E5B6E47-8633-6699-C16B-5AA3088272CB}.Release|Any CPU.ActiveCfg = Release|Any CPU
		{6E5B6E47-8633-6699-C16B-5AA3088272CB}.Release|Any CPU.Build.0 = Release|Any CPU
		{D2FA22A9-2213-BB55-49A6-E92B8EED262A}.Debug|Any CPU.ActiveCfg = Debug|Any CPU
		{D2FA22A9-2213-BB55-49A6-E92B8EED262A}.Debug|Any CPU.Build.0 = Debug|Any CPU
		{D2FA22A9-2213-BB55-49A6-E92B8EED262A}.Release|Any CPU.ActiveCfg = Release|Any CPU
		{D2FA22A9-2213-BB55-49A6-E92B8EED262A}.Release|Any CPU.Build.0 = Release|Any CPU
		{ABCF50BA-431B-B94A-2315-47403D030FD0}.Debug|Any CPU.ActiveCfg = Debug|Any CPU
		{ABCF50BA-431B-B94A-2315-47403D030FD0}.Debug|Any CPU.Build.0 = Debug|Any CPU
		{ABCF50BA-431B-B94A-2315-47403D030FD0}.Release|Any CPU.ActiveCfg = Release|Any CPU
		{ABCF50BA-431B-B94A-2315-47403D030FD0}.Release|Any CPU.Build.0 = Release|Any CPU
		{EA3BC9D7-95A2-DF7E-D170-F703C27F04F5}.Debug|Any CPU.ActiveCfg = Debug|Any CPU
		{EA3BC9D7-95A2-DF7E-D170-F703C27F04F5}.Debug|Any CPU.Build.0 = Debug|Any CPU
		{EA3BC9D7-95A2-DF7E-D170-F703C27F04F5}.Release|Any CPU.ActiveCfg = Release|Any CPU
		{EA3BC9D7-95A2-DF7E-D170-F703C27F04F5}.Release|Any CPU.Build.0 = Release|Any CPU
		{440D8895-F9A4-7C39-3B1D-97962B3DE67A}.Debug|Any CPU.ActiveCfg = Debug|Any CPU
		{440D8895-F9A4-7C39-3B1D-97962B3DE67A}.Debug|Any CPU.Build.0 = Debug|Any CPU
		{440D8895-F9A4-7C39-3B1D-97962B3DE67A}.Release|Any CPU.ActiveCfg = Release|Any CPU
		{440D8895-F9A4-7C39-3B1D-97962B3DE67A}.Release|Any CPU.Build.0 = Release|Any CPU
		{D3435468-346E-1984-6BFE-EABD32E853EE}.Debug|Any CPU.ActiveCfg = Debug|Any CPU
		{D3435468-346E-1984-6BFE-EABD32E853EE}.Debug|Any CPU.Build.0 = Debug|Any CPU
		{D3435468-346E-1984-6BFE-EABD32E853EE}.Release|Any CPU.ActiveCfg = Release|Any CPU
		{D3435468-346E-1984-6BFE-EABD32E853EE}.Release|Any CPU.Build.0 = Release|Any CPU
		{6F0C8FFB-2FDB-5500-DED8-3727260FE453}.Debug|Any CPU.ActiveCfg = Debug|Any CPU
		{6F0C8FFB-2FDB-5500-DED8-3727260FE453}.Debug|Any CPU.Build.0 = Debug|Any CPU
		{6F0C8FFB-2FDB-5500-DED8-3727260FE453}.Release|Any CPU.ActiveCfg = Release|Any CPU
		{6F0C8FFB-2FDB-5500-DED8-3727260FE453}.Release|Any CPU.Build.0 = Release|Any CPU
		{32E9AA00-29E3-2C18-9960-255CC295DC94}.Debug|Any CPU.ActiveCfg = Debug|Any CPU
		{32E9AA00-29E3-2C18-9960-255CC295DC94}.Debug|Any CPU.Build.0 = Debug|Any CPU
		{32E9AA00-29E3-2C18-9960-255CC295DC94}.Release|Any CPU.ActiveCfg = Release|Any CPU
		{32E9AA00-29E3-2C18-9960-255CC295DC94}.Release|Any CPU.Build.0 = Release|Any CPU
		{8AA196BF-D244-6178-AB77-2A3A64AC09AE}.Debug|Any CPU.ActiveCfg = Debug|Any CPU
		{8AA196BF-D244-6178-AB77-2A3A64AC09AE}.Debug|Any CPU.Build.0 = Debug|Any CPU
		{8AA196BF-D244-6178-AB77-2A3A64AC09AE}.Release|Any CPU.ActiveCfg = Release|Any CPU
		{8AA196BF-D244-6178-AB77-2A3A64AC09AE}.Release|Any CPU.Build.0 = Release|Any CPU
		{A0008A15-A51D-1821-668B-6D37FB7A5B4A}.Debug|Any CPU.ActiveCfg = Debug|Any CPU
		{A0008A15-A51D-1821-668B-6D37FB7A5B4A}.Debug|Any CPU.Build.0 = Debug|Any CPU
		{A0008A15-A51D-1821-668B-6D37FB7A5B4A}.Release|Any CPU.ActiveCfg = Release|Any CPU
		{A0008A15-A51D-1821-668B-6D37FB7A5B4A}.Release|Any CPU.Build.0 = Release|Any CPU
		{B9B7C0B4-5775-C577-164B-CFDBD247FE90}.Debug|Any CPU.ActiveCfg = Debug|Any CPU
		{B9B7C0B4-5775-C577-164B-CFDBD247FE90}.Debug|Any CPU.Build.0 = Debug|Any CPU
		{B9B7C0B4-5775-C577-164B-CFDBD247FE90}.Release|Any CPU.ActiveCfg = Release|Any CPU
		{B9B7C0B4-5775-C577-164B-CFDBD247FE90}.Release|Any CPU.Build.0 = Release|Any CPU
		{0D114284-1B72-2482-2940-575C8E63929E}.Debug|Any CPU.ActiveCfg = Debug|Any CPU
		{0D114284-1B72-2482-2940-575C8E63929E}.Debug|Any CPU.Build.0 = Debug|Any CPU
		{0D114284-1B72-2482-2940-575C8E63929E}.Release|Any CPU.ActiveCfg = Release|Any CPU
		{0D114284-1B72-2482-2940-575C8E63929E}.Release|Any CPU.Build.0 = Release|Any CPU
		{EF6F1202-BA86-B52E-B4F5-F6C8C6FF581E}.Debug|Any CPU.ActiveCfg = Debug|Any CPU
		{EF6F1202-BA86-B52E-B4F5-F6C8C6FF581E}.Debug|Any CPU.Build.0 = Debug|Any CPU
		{EF6F1202-BA86-B52E-B4F5-F6C8C6FF581E}.Release|Any CPU.ActiveCfg = Release|Any CPU
		{EF6F1202-BA86-B52E-B4F5-F6C8C6FF581E}.Release|Any CPU.Build.0 = Release|Any CPU
		{D5E45014-FC01-9244-050B-285A6D7069BB}.Debug|Any CPU.ActiveCfg = Debug|Any CPU
		{D5E45014-FC01-9244-050B-285A6D7069BB}.Debug|Any CPU.Build.0 = Debug|Any CPU
		{D5E45014-FC01-9244-050B-285A6D7069BB}.Release|Any CPU.ActiveCfg = Release|Any CPU
		{D5E45014-FC01-9244-050B-285A6D7069BB}.Release|Any CPU.Build.0 = Release|Any CPU
		{7DC29D7C-95D7-49A8-9FC8-2D5EE767EAA4}.Debug|Any CPU.ActiveCfg = Debug|Any CPU
		{7DC29D7C-95D7-49A8-9FC8-2D5EE767EAA4}.Debug|Any CPU.Build.0 = Debug|Any CPU
		{7DC29D7C-95D7-49A8-9FC8-2D5EE767EAA4}.Release|Any CPU.ActiveCfg = Release|Any CPU
		{7DC29D7C-95D7-49A8-9FC8-2D5EE767EAA4}.Release|Any CPU.Build.0 = Release|Any CPU
		{3361EE15-F98B-01C9-E05C-7BA0172D1377}.Debug|Any CPU.ActiveCfg = Debug|Any CPU
		{3361EE15-F98B-01C9-E05C-7BA0172D1377}.Debug|Any CPU.Build.0 = Debug|Any CPU
		{3361EE15-F98B-01C9-E05C-7BA0172D1377}.Release|Any CPU.ActiveCfg = Release|Any CPU
		{3361EE15-F98B-01C9-E05C-7BA0172D1377}.Release|Any CPU.Build.0 = Release|Any CPU
		{6271702B-ED8C-A8B2-2A64-7DCCE0A298E0}.Debug|Any CPU.ActiveCfg = Debug|Any CPU
		{6271702B-ED8C-A8B2-2A64-7DCCE0A298E0}.Debug|Any CPU.Build.0 = Debug|Any CPU
		{6271702B-ED8C-A8B2-2A64-7DCCE0A298E0}.Release|Any CPU.ActiveCfg = Release|Any CPU
		{6271702B-ED8C-A8B2-2A64-7DCCE0A298E0}.Release|Any CPU.Build.0 = Release|Any CPU
		{E39E10C3-17FB-6D24-6004-734AAAF90429}.Debug|Any CPU.ActiveCfg = Debug|Any CPU
		{E39E10C3-17FB-6D24-6004-734AAAF90429}.Debug|Any CPU.Build.0 = Debug|Any CPU
		{E39E10C3-17FB-6D24-6004-734AAAF90429}.Release|Any CPU.ActiveCfg = Release|Any CPU
		{E39E10C3-17FB-6D24-6004-734AAAF90429}.Release|Any CPU.Build.0 = Release|Any CPU
		{E0684E7D-3439-44CE-D7EE-A1F35B3CA45E}.Debug|Any CPU.ActiveCfg = Debug|Any CPU
		{E0684E7D-3439-44CE-D7EE-A1F35B3CA45E}.Debug|Any CPU.Build.0 = Debug|Any CPU
		{E0684E7D-3439-44CE-D7EE-A1F35B3CA45E}.Release|Any CPU.ActiveCfg = Release|Any CPU
		{E0684E7D-3439-44CE-D7EE-A1F35B3CA45E}.Release|Any CPU.Build.0 = Release|Any CPU
		{81FEE059-CAE0-D628-8A9C-FDB2565370C3}.Debug|Any CPU.ActiveCfg = Debug|Any CPU
		{81FEE059-CAE0-D628-8A9C-FDB2565370C3}.Debug|Any CPU.Build.0 = Debug|Any CPU
		{81FEE059-CAE0-D628-8A9C-FDB2565370C3}.Release|Any CPU.ActiveCfg = Release|Any CPU
		{81FEE059-CAE0-D628-8A9C-FDB2565370C3}.Release|Any CPU.Build.0 = Release|Any CPU
		{7FDDBF1A-81D2-5ADA-4ED5-33CA6A22EFBC}.Debug|Any CPU.ActiveCfg = Debug|Any CPU
		{7FDDBF1A-81D2-5ADA-4ED5-33CA6A22EFBC}.Debug|Any CPU.Build.0 = Debug|Any CPU
		{7FDDBF1A-81D2-5ADA-4ED5-33CA6A22EFBC}.Release|Any CPU.ActiveCfg = Release|Any CPU
		{7FDDBF1A-81D2-5ADA-4ED5-33CA6A22EFBC}.Release|Any CPU.Build.0 = Release|Any CPU
		{52378F17-4518-55B9-2D0A-C0168DB27FD2}.Debug|Any CPU.ActiveCfg = Debug|Any CPU
		{52378F17-4518-55B9-2D0A-C0168DB27FD2}.Debug|Any CPU.Build.0 = Debug|Any CPU
		{52378F17-4518-55B9-2D0A-C0168DB27FD2}.Release|Any CPU.ActiveCfg = Release|Any CPU
		{52378F17-4518-55B9-2D0A-C0168DB27FD2}.Release|Any CPU.Build.0 = Release|Any CPU
		{8C49DD37-3074-1AC6-F4FE-0F4A66E1240C}.Debug|Any CPU.ActiveCfg = Debug|Any CPU
		{8C49DD37-3074-1AC6-F4FE-0F4A66E1240C}.Debug|Any CPU.Build.0 = Debug|Any CPU
		{8C49DD37-3074-1AC6-F4FE-0F4A66E1240C}.Release|Any CPU.ActiveCfg = Release|Any CPU
		{8C49DD37-3074-1AC6-F4FE-0F4A66E1240C}.Release|Any CPU.Build.0 = Release|Any CPU
		{EE228344-3D3C-5846-3216-F7FB07480B42}.Debug|Any CPU.ActiveCfg = Debug|Any CPU
		{EE228344-3D3C-5846-3216-F7FB07480B42}.Debug|Any CPU.Build.0 = Debug|Any CPU
		{EE228344-3D3C-5846-3216-F7FB07480B42}.Release|Any CPU.ActiveCfg = Release|Any CPU
		{EE228344-3D3C-5846-3216-F7FB07480B42}.Release|Any CPU.Build.0 = Release|Any CPU
		{580DA436-B109-D873-1C16-93126DB91B10}.Debug|Any CPU.ActiveCfg = Debug|Any CPU
		{580DA436-B109-D873-1C16-93126DB91B10}.Debug|Any CPU.Build.0 = Debug|Any CPU
		{580DA436-B109-D873-1C16-93126DB91B10}.Release|Any CPU.ActiveCfg = Release|Any CPU
		{580DA436-B109-D873-1C16-93126DB91B10}.Release|Any CPU.Build.0 = Release|Any CPU
		{EDBEC438-32FB-F009-C246-B71DD93B25AA}.Debug|Any CPU.ActiveCfg = Debug|Any CPU
		{EDBEC438-32FB-F009-C246-B71DD93B25AA}.Debug|Any CPU.Build.0 = Debug|Any CPU
		{EDBEC438-32FB-F009-C246-B71DD93B25AA}.Release|Any CPU.ActiveCfg = Release|Any CPU
		{EDBEC438-32FB-F009-C246-B71DD93B25AA}.Release|Any CPU.Build.0 = Release|Any CPU
		{07EE1AE5-DD70-E39E-A31C-616EC3A63AEE}.Debug|Any CPU.ActiveCfg = Debug|Any CPU
		{07EE1AE5-DD70-E39E-A31C-616EC3A63AEE}.Debug|Any CPU.Build.0 = Debug|Any CPU
		{07EE1AE5-DD70-E39E-A31C-616EC3A63AEE}.Release|Any CPU.ActiveCfg = Release|Any CPU
		{07EE1AE5-DD70-E39E-A31C-616EC3A63AEE}.Release|Any CPU.Build.0 = Release|Any CPU
		{6A92DD3A-BB50-0F34-F6A4-4DF21E47F4AE}.Debug|Any CPU.ActiveCfg = Debug|Any CPU
		{6A92DD3A-BB50-0F34-F6A4-4DF21E47F4AE}.Debug|Any CPU.Build.0 = Debug|Any CPU
		{6A92DD3A-BB50-0F34-F6A4-4DF21E47F4AE}.Release|Any CPU.ActiveCfg = Release|Any CPU
		{6A92DD3A-BB50-0F34-F6A4-4DF21E47F4AE}.Release|Any CPU.Build.0 = Release|Any CPU
		{DA39BF22-EB30-B272-722E-3EFD2614AF8F}.Debug|Any CPU.ActiveCfg = Debug|Any CPU
		{DA39BF22-EB30-B272-722E-3EFD2614AF8F}.Debug|Any CPU.Build.0 = Debug|Any CPU
		{DA39BF22-EB30-B272-722E-3EFD2614AF8F}.Release|Any CPU.ActiveCfg = Release|Any CPU
		{DA39BF22-EB30-B272-722E-3EFD2614AF8F}.Release|Any CPU.Build.0 = Release|Any CPU
		{A21B1C07-D5A7-A5D1-021D-6839B3F178B2}.Debug|Any CPU.ActiveCfg = Debug|Any CPU
		{A21B1C07-D5A7-A5D1-021D-6839B3F178B2}.Debug|Any CPU.Build.0 = Debug|Any CPU
		{A21B1C07-D5A7-A5D1-021D-6839B3F178B2}.Release|Any CPU.ActiveCfg = Release|Any CPU
		{A21B1C07-D5A7-A5D1-021D-6839B3F178B2}.Release|Any CPU.Build.0 = Release|Any CPU
		{4C3B2AFB-DE94-BC85-785E-54D7E824A6D0}.Debug|Any CPU.ActiveCfg = Debug|Any CPU
		{4C3B2AFB-DE94-BC85-785E-54D7E824A6D0}.Debug|Any CPU.Build.0 = Debug|Any CPU
		{4C3B2AFB-DE94-BC85-785E-54D7E824A6D0}.Release|Any CPU.ActiveCfg = Release|Any CPU
		{4C3B2AFB-DE94-BC85-785E-54D7E824A6D0}.Release|Any CPU.Build.0 = Release|Any CPU
		{7DE14494-E672-0BF6-68A6-A604AA1602CB}.Debug|Any CPU.ActiveCfg = Debug|Any CPU
		{7DE14494-E672-0BF6-68A6-A604AA1602CB}.Debug|Any CPU.Build.0 = Debug|Any CPU
		{7DE14494-E672-0BF6-68A6-A604AA1602CB}.Release|Any CPU.ActiveCfg = Release|Any CPU
		{7DE14494-E672-0BF6-68A6-A604AA1602CB}.Release|Any CPU.Build.0 = Release|Any CPU
		{8EE94B60-F3D2-E6F0-0AE7-FA57BF548A92}.Debug|Any CPU.ActiveCfg = Debug|Any CPU
		{8EE94B60-F3D2-E6F0-0AE7-FA57BF548A92}.Debug|Any CPU.Build.0 = Debug|Any CPU
		{8EE94B60-F3D2-E6F0-0AE7-FA57BF548A92}.Release|Any CPU.ActiveCfg = Release|Any CPU
		{8EE94B60-F3D2-E6F0-0AE7-FA57BF548A92}.Release|Any CPU.Build.0 = Release|Any CPU
		{424426D5-903B-14A1-D625-589B20C8CC5D}.Debug|Any CPU.ActiveCfg = Debug|Any CPU
		{424426D5-903B-14A1-D625-589B20C8CC5D}.Debug|Any CPU.Build.0 = Debug|Any CPU
		{424426D5-903B-14A1-D625-589B20C8CC5D}.Release|Any CPU.ActiveCfg = Release|Any CPU
		{424426D5-903B-14A1-D625-589B20C8CC5D}.Release|Any CPU.Build.0 = Release|Any CPU
		{16F216ED-2940-7E05-144F-9CA581B91856}.Debug|Any CPU.ActiveCfg = Debug|Any CPU
		{16F216ED-2940-7E05-144F-9CA581B91856}.Debug|Any CPU.Build.0 = Debug|Any CPU
		{16F216ED-2940-7E05-144F-9CA581B91856}.Release|Any CPU.ActiveCfg = Release|Any CPU
		{16F216ED-2940-7E05-144F-9CA581B91856}.Release|Any CPU.Build.0 = Release|Any CPU
		{5B26713C-844C-7CB4-7803-D5237B13D96D}.Debug|Any CPU.ActiveCfg = Debug|Any CPU
		{5B26713C-844C-7CB4-7803-D5237B13D96D}.Debug|Any CPU.Build.0 = Debug|Any CPU
		{5B26713C-844C-7CB4-7803-D5237B13D96D}.Release|Any CPU.ActiveCfg = Release|Any CPU
		{5B26713C-844C-7CB4-7803-D5237B13D96D}.Release|Any CPU.Build.0 = Release|Any CPU
		{C97463DB-10E2-E381-7CB5-23FF90E63A15}.Debug|Any CPU.ActiveCfg = Debug|Any CPU
		{C97463DB-10E2-E381-7CB5-23FF90E63A15}.Debug|Any CPU.Build.0 = Debug|Any CPU
		{C97463DB-10E2-E381-7CB5-23FF90E63A15}.Release|Any CPU.ActiveCfg = Release|Any CPU
		{C97463DB-10E2-E381-7CB5-23FF90E63A15}.Release|Any CPU.Build.0 = Release|Any CPU
		{217E1109-42BC-30BB-5A60-76E5CECA7FFB}.Debug|Any CPU.ActiveCfg = Debug|Any CPU
		{217E1109-42BC-30BB-5A60-76E5CECA7FFB}.Debug|Any CPU.Build.0 = Debug|Any CPU
		{217E1109-42BC-30BB-5A60-76E5CECA7FFB}.Release|Any CPU.ActiveCfg = Release|Any CPU
		{217E1109-42BC-30BB-5A60-76E5CECA7FFB}.Release|Any CPU.Build.0 = Release|Any CPU
	EndGlobalSection
	GlobalSection(SolutionProperties) = preSolution
		HideSolutionNode = FALSE
	EndGlobalSection
EndGlobal
